
Microsoft Visual Studio Solution File, Format Version 12.00
# Visual Studio 14
VisualStudioVersion = 14.0.24720.0
MinimumVisualStudioVersion = 10.0.40219.1
Project("{FAE04EC0-301F-11D3-BF4B-00C04F79EFBC}") = "Pickers.Droid", "Pickers\Pickers.Droid\Pickers.Droid.csproj", "{3252954F-97B9-4457-ABDB-240931C0E33B}"
EndProject
Project("{FAE04EC0-301F-11D3-BF4B-00C04F79EFBC}") = "Pickers.iOS", "Pickers\Pickers.iOS\Pickers.iOS.csproj", "{D3FE7985-BD58-4CB1-8742-327D9855CA9D}"
EndProject
Project("{FAE04EC0-301F-11D3-BF4B-00C04F79EFBC}") = "Pickers.UWP", "Pickers\Pickers.UWP\Pickers.UWP.csproj", "{FA37F6A7-5708-4EE6-A430-76EEE070EEFC}"
EndProject
Project("{FAE04EC0-301F-11D3-BF4B-00C04F79EFBC}") = "Pickers", "Pickers\Pickers\Pickers.csproj", "{96AFB43E-830F-4746-A7F1-443EFA73C4B8}"
EndProject
Global
	GlobalSection(SolutionConfigurationPlatforms) = preSolution
		Ad-Hoc|Any CPU = Ad-Hoc|Any CPU
		Ad-Hoc|ARM = Ad-Hoc|ARM
		Ad-Hoc|iPhone = Ad-Hoc|iPhone
		Ad-Hoc|iPhoneSimulator = Ad-Hoc|iPhoneSimulator
		Ad-Hoc|x64 = Ad-Hoc|x64
		Ad-Hoc|x86 = Ad-Hoc|x86
		AppStore|Any CPU = AppStore|Any CPU
		AppStore|ARM = AppStore|ARM
		AppStore|iPhone = AppStore|iPhone
		AppStore|iPhoneSimulator = AppStore|iPhoneSimulator
		AppStore|x64 = AppStore|x64
		AppStore|x86 = AppStore|x86
		Debug|Any CPU = Debug|Any CPU
		Debug|ARM = Debug|ARM
		Debug|iPhone = Debug|iPhone
		Debug|iPhoneSimulator = Debug|iPhoneSimulator
		Debug|x64 = Debug|x64
		Debug|x86 = Debug|x86
		Release|Any CPU = Release|Any CPU
		Release|ARM = Release|ARM
		Release|iPhone = Release|iPhone
		Release|iPhoneSimulator = Release|iPhoneSimulator
		Release|x64 = Release|x64
		Release|x86 = Release|x86
	EndGlobalSection
	GlobalSection(ProjectConfigurationPlatforms) = postSolution
		{3252954F-97B9-4457-ABDB-240931C0E33B}.Ad-Hoc|Any CPU.ActiveCfg = Release|Any CPU
		{3252954F-97B9-4457-ABDB-240931C0E33B}.Ad-Hoc|Any CPU.Build.0 = Release|Any CPU
		{3252954F-97B9-4457-ABDB-240931C0E33B}.Ad-Hoc|Any CPU.Deploy.0 = Release|Any CPU
		{3252954F-97B9-4457-ABDB-240931C0E33B}.Ad-Hoc|ARM.ActiveCfg = Release|Any CPU
		{3252954F-97B9-4457-ABDB-240931C0E33B}.Ad-Hoc|ARM.Build.0 = Release|Any CPU
		{3252954F-97B9-4457-ABDB-240931C0E33B}.Ad-Hoc|ARM.Deploy.0 = Release|Any CPU
		{3252954F-97B9-4457-ABDB-240931C0E33B}.Ad-Hoc|iPhone.ActiveCfg = Release|Any CPU
		{3252954F-97B9-4457-ABDB-240931C0E33B}.Ad-Hoc|iPhone.Build.0 = Release|Any CPU
		{3252954F-97B9-4457-ABDB-240931C0E33B}.Ad-Hoc|iPhone.Deploy.0 = Release|Any CPU
		{3252954F-97B9-4457-ABDB-240931C0E33B}.Ad-Hoc|iPhoneSimulator.ActiveCfg = Release|Any CPU
		{3252954F-97B9-4457-ABDB-240931C0E33B}.Ad-Hoc|iPhoneSimulator.Build.0 = Release|Any CPU
		{3252954F-97B9-4457-ABDB-240931C0E33B}.Ad-Hoc|iPhoneSimulator.Deploy.0 = Release|Any CPU
		{3252954F-97B9-4457-ABDB-240931C0E33B}.Ad-Hoc|x64.ActiveCfg = Release|Any CPU
		{3252954F-97B9-4457-ABDB-240931C0E33B}.Ad-Hoc|x64.Build.0 = Release|Any CPU
		{3252954F-97B9-4457-ABDB-240931C0E33B}.Ad-Hoc|x64.Deploy.0 = Release|Any CPU
		{3252954F-97B9-4457-ABDB-240931C0E33B}.Ad-Hoc|x86.ActiveCfg = Release|Any CPU
		{3252954F-97B9-4457-ABDB-240931C0E33B}.Ad-Hoc|x86.Build.0 = Release|Any CPU
		{3252954F-97B9-4457-ABDB-240931C0E33B}.Ad-Hoc|x86.Deploy.0 = Release|Any CPU
		{3252954F-97B9-4457-ABDB-240931C0E33B}.AppStore|Any CPU.ActiveCfg = Release|Any CPU
		{3252954F-97B9-4457-ABDB-240931C0E33B}.AppStore|Any CPU.Build.0 = Release|Any CPU
		{3252954F-97B9-4457-ABDB-240931C0E33B}.AppStore|Any CPU.Deploy.0 = Release|Any CPU
		{3252954F-97B9-4457-ABDB-240931C0E33B}.AppStore|ARM.ActiveCfg = Release|Any CPU
		{3252954F-97B9-4457-ABDB-240931C0E33B}.AppStore|ARM.Build.0 = Release|Any CPU
		{3252954F-97B9-4457-ABDB-240931C0E33B}.AppStore|ARM.Deploy.0 = Release|Any CPU
		{3252954F-97B9-4457-ABDB-240931C0E33B}.AppStore|iPhone.ActiveCfg = Release|Any CPU
		{3252954F-97B9-4457-ABDB-240931C0E33B}.AppStore|iPhone.Build.0 = Release|Any CPU
		{3252954F-97B9-4457-ABDB-240931C0E33B}.AppStore|iPhone.Deploy.0 = Release|Any CPU
		{3252954F-97B9-4457-ABDB-240931C0E33B}.AppStore|iPhoneSimulator.ActiveCfg = Release|Any CPU
		{3252954F-97B9-4457-ABDB-240931C0E33B}.AppStore|iPhoneSimulator.Build.0 = Release|Any CPU
		{3252954F-97B9-4457-ABDB-240931C0E33B}.AppStore|iPhoneSimulator.Deploy.0 = Release|Any CPU
		{3252954F-97B9-4457-ABDB-240931C0E33B}.AppStore|x64.ActiveCfg = Release|Any CPU
		{3252954F-97B9-4457-ABDB-240931C0E33B}.AppStore|x64.Build.0 = Release|Any CPU
		{3252954F-97B9-4457-ABDB-240931C0E33B}.AppStore|x64.Deploy.0 = Release|Any CPU
		{3252954F-97B9-4457-ABDB-240931C0E33B}.AppStore|x86.ActiveCfg = Release|Any CPU
		{3252954F-97B9-4457-ABDB-240931C0E33B}.AppStore|x86.Build.0 = Release|Any CPU
		{3252954F-97B9-4457-ABDB-240931C0E33B}.AppStore|x86.Deploy.0 = Release|Any CPU
		{3252954F-97B9-4457-ABDB-240931C0E33B}.Debug|Any CPU.ActiveCfg = Debug|Any CPU
		{3252954F-97B9-4457-ABDB-240931C0E33B}.Debug|Any CPU.Build.0 = Debug|Any CPU
		{3252954F-97B9-4457-ABDB-240931C0E33B}.Debug|Any CPU.Deploy.0 = Debug|Any CPU
		{3252954F-97B9-4457-ABDB-240931C0E33B}.Debug|ARM.ActiveCfg = Debug|Any CPU
		{3252954F-97B9-4457-ABDB-240931C0E33B}.Debug|ARM.Build.0 = Debug|Any CPU
		{3252954F-97B9-4457-ABDB-240931C0E33B}.Debug|ARM.Deploy.0 = Debug|Any CPU
		{3252954F-97B9-4457-ABDB-240931C0E33B}.Debug|iPhone.ActiveCfg = Debug|Any CPU
		{3252954F-97B9-4457-ABDB-240931C0E33B}.Debug|iPhone.Build.0 = Debug|Any CPU
		{3252954F-97B9-4457-ABDB-240931C0E33B}.Debug|iPhone.Deploy.0 = Debug|Any CPU
		{3252954F-97B9-4457-ABDB-240931C0E33B}.Debug|iPhoneSimulator.ActiveCfg = Debug|Any CPU
		{3252954F-97B9-4457-ABDB-240931C0E33B}.Debug|iPhoneSimulator.Build.0 = Debug|Any CPU
		{3252954F-97B9-4457-ABDB-240931C0E33B}.Debug|iPhoneSimulator.Deploy.0 = Debug|Any CPU
		{3252954F-97B9-4457-ABDB-240931C0E33B}.Debug|x64.ActiveCfg = Debug|Any CPU
		{3252954F-97B9-4457-ABDB-240931C0E33B}.Debug|x64.Build.0 = Debug|Any CPU
		{3252954F-97B9-4457-ABDB-240931C0E33B}.Debug|x64.Deploy.0 = Debug|Any CPU
		{3252954F-97B9-4457-ABDB-240931C0E33B}.Debug|x86.ActiveCfg = Debug|Any CPU
		{3252954F-97B9-4457-ABDB-240931C0E33B}.Debug|x86.Build.0 = Debug|Any CPU
		{3252954F-97B9-4457-ABDB-240931C0E33B}.Debug|x86.Deploy.0 = Debug|Any CPU
		{3252954F-97B9-4457-ABDB-240931C0E33B}.Release|Any CPU.ActiveCfg = Release|Any CPU
		{3252954F-97B9-4457-ABDB-240931C0E33B}.Release|Any CPU.Build.0 = Release|Any CPU
		{3252954F-97B9-4457-ABDB-240931C0E33B}.Release|Any CPU.Deploy.0 = Release|Any CPU
		{3252954F-97B9-4457-ABDB-240931C0E33B}.Release|ARM.ActiveCfg = Release|Any CPU
		{3252954F-97B9-4457-ABDB-240931C0E33B}.Release|ARM.Build.0 = Release|Any CPU
		{3252954F-97B9-4457-ABDB-240931C0E33B}.Release|ARM.Deploy.0 = Release|Any CPU
		{3252954F-97B9-4457-ABDB-240931C0E33B}.Release|iPhone.ActiveCfg = Release|Any CPU
		{3252954F-97B9-4457-ABDB-240931C0E33B}.Release|iPhone.Build.0 = Release|Any CPU
		{3252954F-97B9-4457-ABDB-240931C0E33B}.Release|iPhone.Deploy.0 = Release|Any CPU
		{3252954F-97B9-4457-ABDB-240931C0E33B}.Release|iPhoneSimulator.ActiveCfg = Release|Any CPU
		{3252954F-97B9-4457-ABDB-240931C0E33B}.Release|iPhoneSimulator.Build.0 = Release|Any CPU
		{3252954F-97B9-4457-ABDB-240931C0E33B}.Release|iPhoneSimulator.Deploy.0 = Release|Any CPU
		{3252954F-97B9-4457-ABDB-240931C0E33B}.Release|x64.ActiveCfg = Release|Any CPU
		{3252954F-97B9-4457-ABDB-240931C0E33B}.Release|x64.Build.0 = Release|Any CPU
		{3252954F-97B9-4457-ABDB-240931C0E33B}.Release|x64.Deploy.0 = Release|Any CPU
		{3252954F-97B9-4457-ABDB-240931C0E33B}.Release|x86.ActiveCfg = Release|Any CPU
		{3252954F-97B9-4457-ABDB-240931C0E33B}.Release|x86.Build.0 = Release|Any CPU
		{3252954F-97B9-4457-ABDB-240931C0E33B}.Release|x86.Deploy.0 = Release|Any CPU
		{D3FE7985-BD58-4CB1-8742-327D9855CA9D}.Ad-Hoc|Any CPU.ActiveCfg = Ad-Hoc|iPhone
		{D3FE7985-BD58-4CB1-8742-327D9855CA9D}.Ad-Hoc|ARM.ActiveCfg = Ad-Hoc|iPhone
		{D3FE7985-BD58-4CB1-8742-327D9855CA9D}.Ad-Hoc|iPhone.ActiveCfg = Ad-Hoc|iPhone
		{D3FE7985-BD58-4CB1-8742-327D9855CA9D}.Ad-Hoc|iPhone.Build.0 = Ad-Hoc|iPhone
		{D3FE7985-BD58-4CB1-8742-327D9855CA9D}.Ad-Hoc|iPhoneSimulator.ActiveCfg = Ad-Hoc|iPhoneSimulator
		{D3FE7985-BD58-4CB1-8742-327D9855CA9D}.Ad-Hoc|iPhoneSimulator.Build.0 = Ad-Hoc|iPhoneSimulator
		{D3FE7985-BD58-4CB1-8742-327D9855CA9D}.Ad-Hoc|x64.ActiveCfg = Ad-Hoc|iPhone
		{D3FE7985-BD58-4CB1-8742-327D9855CA9D}.Ad-Hoc|x86.ActiveCfg = Ad-Hoc|iPhone
		{D3FE7985-BD58-4CB1-8742-327D9855CA9D}.AppStore|Any CPU.ActiveCfg = AppStore|iPhone
		{D3FE7985-BD58-4CB1-8742-327D9855CA9D}.AppStore|ARM.ActiveCfg = AppStore|iPhone
		{D3FE7985-BD58-4CB1-8742-327D9855CA9D}.AppStore|iPhone.ActiveCfg = AppStore|iPhone
		{D3FE7985-BD58-4CB1-8742-327D9855CA9D}.AppStore|iPhone.Build.0 = AppStore|iPhone
		{D3FE7985-BD58-4CB1-8742-327D9855CA9D}.AppStore|iPhoneSimulator.ActiveCfg = AppStore|iPhoneSimulator
		{D3FE7985-BD58-4CB1-8742-327D9855CA9D}.AppStore|iPhoneSimulator.Build.0 = AppStore|iPhoneSimulator
		{D3FE7985-BD58-4CB1-8742-327D9855CA9D}.AppStore|x64.ActiveCfg = AppStore|iPhone
		{D3FE7985-BD58-4CB1-8742-327D9855CA9D}.AppStore|x86.ActiveCfg = AppStore|iPhone
		{D3FE7985-BD58-4CB1-8742-327D9855CA9D}.Debug|Any CPU.ActiveCfg = Debug|iPhone
		{D3FE7985-BD58-4CB1-8742-327D9855CA9D}.Debug|ARM.ActiveCfg = Debug|iPhone
		{D3FE7985-BD58-4CB1-8742-327D9855CA9D}.Debug|iPhone.ActiveCfg = Debug|iPhone
		{D3FE7985-BD58-4CB1-8742-327D9855CA9D}.Debug|iPhone.Build.0 = Debug|iPhone
		{D3FE7985-BD58-4CB1-8742-327D9855CA9D}.Debug|iPhone.Deploy.0 = Debug|iPhone
		{D3FE7985-BD58-4CB1-8742-327D9855CA9D}.Debug|iPhoneSimulator.ActiveCfg = Debug|iPhoneSimulator
		{D3FE7985-BD58-4CB1-8742-327D9855CA9D}.Debug|iPhoneSimulator.Build.0 = Debug|iPhoneSimulator
		{D3FE7985-BD58-4CB1-8742-327D9855CA9D}.Debug|x64.ActiveCfg = Debug|iPhone
		{D3FE7985-BD58-4CB1-8742-327D9855CA9D}.Debug|x86.ActiveCfg = Debug|iPhone
		{D3FE7985-BD58-4CB1-8742-327D9855CA9D}.Release|Any CPU.ActiveCfg = Release|iPhone
		{D3FE7985-BD58-4CB1-8742-327D9855CA9D}.Release|ARM.ActiveCfg = Release|iPhone
		{D3FE7985-BD58-4CB1-8742-327D9855CA9D}.Release|iPhone.ActiveCfg = Release|iPhone
		{D3FE7985-BD58-4CB1-8742-327D9855CA9D}.Release|iPhone.Build.0 = Release|iPhone
		{D3FE7985-BD58-4CB1-8742-327D9855CA9D}.Release|iPhoneSimulator.ActiveCfg = Release|iPhoneSimulator
		{D3FE7985-BD58-4CB1-8742-327D9855CA9D}.Release|iPhoneSimulator.Build.0 = Release|iPhoneSimulator
		{D3FE7985-BD58-4CB1-8742-327D9855CA9D}.Release|x64.ActiveCfg = Release|iPhone
		{D3FE7985-BD58-4CB1-8742-327D9855CA9D}.Release|x86.ActiveCfg = Release|iPhone
		{FA37F6A7-5708-4EE6-A430-76EEE070EEFC}.Ad-Hoc|Any CPU.ActiveCfg = Release|x86
		{FA37F6A7-5708-4EE6-A430-76EEE070EEFC}.Ad-Hoc|Any CPU.Build.0 = Release|x86
		{FA37F6A7-5708-4EE6-A430-76EEE070EEFC}.Ad-Hoc|Any CPU.Deploy.0 = Release|x86
		{FA37F6A7-5708-4EE6-A430-76EEE070EEFC}.Ad-Hoc|ARM.ActiveCfg = Release|ARM
		{FA37F6A7-5708-4EE6-A430-76EEE070EEFC}.Ad-Hoc|ARM.Build.0 = Release|ARM
		{FA37F6A7-5708-4EE6-A430-76EEE070EEFC}.Ad-Hoc|ARM.Deploy.0 = Release|ARM
		{FA37F6A7-5708-4EE6-A430-76EEE070EEFC}.Ad-Hoc|iPhone.ActiveCfg = Release|x86
		{FA37F6A7-5708-4EE6-A430-76EEE070EEFC}.Ad-Hoc|iPhone.Build.0 = Release|x86
		{FA37F6A7-5708-4EE6-A430-76EEE070EEFC}.Ad-Hoc|iPhone.Deploy.0 = Release|x86
		{FA37F6A7-5708-4EE6-A430-76EEE070EEFC}.Ad-Hoc|iPhoneSimulator.ActiveCfg = Release|x86
		{FA37F6A7-5708-4EE6-A430-76EEE070EEFC}.Ad-Hoc|iPhoneSimulator.Build.0 = Release|x86
		{FA37F6A7-5708-4EE6-A430-76EEE070EEFC}.Ad-Hoc|iPhoneSimulator.Deploy.0 = Release|x86
		{FA37F6A7-5708-4EE6-A430-76EEE070EEFC}.Ad-Hoc|x64.ActiveCfg = Release|x64
		{FA37F6A7-5708-4EE6-A430-76EEE070EEFC}.Ad-Hoc|x64.Build.0 = Release|x64
		{FA37F6A7-5708-4EE6-A430-76EEE070EEFC}.Ad-Hoc|x64.Deploy.0 = Release|x64
		{FA37F6A7-5708-4EE6-A430-76EEE070EEFC}.Ad-Hoc|x86.ActiveCfg = Release|x86
		{FA37F6A7-5708-4EE6-A430-76EEE070EEFC}.Ad-Hoc|x86.Build.0 = Release|x86
		{FA37F6A7-5708-4EE6-A430-76EEE070EEFC}.Ad-Hoc|x86.Deploy.0 = Release|x86
		{FA37F6A7-5708-4EE6-A430-76EEE070EEFC}.AppStore|Any CPU.ActiveCfg = Release|x86
		{FA37F6A7-5708-4EE6-A430-76EEE070EEFC}.AppStore|Any CPU.Build.0 = Release|x86
		{FA37F6A7-5708-4EE6-A430-76EEE070EEFC}.AppStore|Any CPU.Deploy.0 = Release|x86
		{FA37F6A7-5708-4EE6-A430-76EEE070EEFC}.AppStore|ARM.ActiveCfg = Release|ARM
		{FA37F6A7-5708-4EE6-A430-76EEE070EEFC}.AppStore|ARM.Build.0 = Release|ARM
		{FA37F6A7-5708-4EE6-A430-76EEE070EEFC}.AppStore|ARM.Deploy.0 = Release|ARM
		{FA37F6A7-5708-4EE6-A430-76EEE070EEFC}.AppStore|iPhone.ActiveCfg = Release|x86
		{FA37F6A7-5708-4EE6-A430-76EEE070EEFC}.AppStore|iPhone.Build.0 = Release|x86
		{FA37F6A7-5708-4EE6-A430-76EEE070EEFC}.AppStore|iPhone.Deploy.0 = Release|x86
		{FA37F6A7-5708-4EE6-A430-76EEE070EEFC}.AppStore|iPhoneSimulator.ActiveCfg = Release|x86
		{FA37F6A7-5708-4EE6-A430-76EEE070EEFC}.AppStore|iPhoneSimulator.Build.0 = Release|x86
		{FA37F6A7-5708-4EE6-A430-76EEE070EEFC}.AppStore|iPhoneSimulator.Deploy.0 = Release|x86
		{FA37F6A7-5708-4EE6-A430-76EEE070EEFC}.AppStore|x64.ActiveCfg = Release|x64
		{FA37F6A7-5708-4EE6-A430-76EEE070EEFC}.AppStore|x64.Build.0 = Release|x64
		{FA37F6A7-5708-4EE6-A430-76EEE070EEFC}.AppStore|x64.Deploy.0 = Release|x64
		{FA37F6A7-5708-4EE6-A430-76EEE070EEFC}.AppStore|x86.ActiveCfg = Release|x86
		{FA37F6A7-5708-4EE6-A430-76EEE070EEFC}.AppStore|x86.Build.0 = Release|x86
		{FA37F6A7-5708-4EE6-A430-76EEE070EEFC}.AppStore|x86.Deploy.0 = Release|x86
		{FA37F6A7-5708-4EE6-A430-76EEE070EEFC}.Debug|Any CPU.ActiveCfg = Debug|x86
		{FA37F6A7-5708-4EE6-A430-76EEE070EEFC}.Debug|ARM.ActiveCfg = Debug|ARM
		{FA37F6A7-5708-4EE6-A430-76EEE070EEFC}.Debug|ARM.Build.0 = Debug|ARM
		{FA37F6A7-5708-4EE6-A430-76EEE070EEFC}.Debug|ARM.Deploy.0 = Debug|ARM
		{FA37F6A7-5708-4EE6-A430-76EEE070EEFC}.Debug|iPhone.ActiveCfg = Debug|x86
		{FA37F6A7-5708-4EE6-A430-76EEE070EEFC}.Debug|iPhone.Build.0 = Debug|x86
		{FA37F6A7-5708-4EE6-A430-76EEE070EEFC}.Debug|iPhone.Deploy.0 = Debug|x86
		{FA37F6A7-5708-4EE6-A430-76EEE070EEFC}.Debug|iPhoneSimulator.ActiveCfg = Debug|x86
		{FA37F6A7-5708-4EE6-A430-76EEE070EEFC}.Debug|x64.ActiveCfg = Debug|x64
		{FA37F6A7-5708-4EE6-A430-76EEE070EEFC}.Debug|x64.Build.0 = Debug|x64
		{FA37F6A7-5708-4EE6-A430-76EEE070EEFC}.Debug|x64.Deploy.0 = Debug|x64
		{FA37F6A7-5708-4EE6-A430-76EEE070EEFC}.Debug|x86.ActiveCfg = Debug|x86
		{FA37F6A7-5708-4EE6-A430-76EEE070EEFC}.Debug|x86.Build.0 = Debug|x86
		{FA37F6A7-5708-4EE6-A430-76EEE070EEFC}.Debug|x86.Deploy.0 = Debug|x86
		{FA37F6A7-5708-4EE6-A430-76EEE070EEFC}.Release|Any CPU.ActiveCfg = Release|x86
		{FA37F6A7-5708-4EE6-A430-76EEE070EEFC}.Release|ARM.ActiveCfg = Release|ARM
		{FA37F6A7-5708-4EE6-A430-76EEE070EEFC}.Release|ARM.Build.0 = Release|ARM
		{FA37F6A7-5708-4EE6-A430-76EEE070EEFC}.Release|ARM.Deploy.0 = Release|ARM
		{FA37F6A7-5708-4EE6-A430-76EEE070EEFC}.Release|iPhone.ActiveCfg = Release|x86
		{FA37F6A7-5708-4EE6-A430-76EEE070EEFC}.Release|iPhoneSimulator.ActiveCfg = Release|x86
		{FA37F6A7-5708-4EE6-A430-76EEE070EEFC}.Release|x64.ActiveCfg = Release|x64
		{FA37F6A7-5708-4EE6-A430-76EEE070EEFC}.Release|x64.Build.0 = Release|x64
		{FA37F6A7-5708-4EE6-A430-76EEE070EEFC}.Release|x64.Deploy.0 = Release|x64
		{FA37F6A7-5708-4EE6-A430-76EEE070EEFC}.Release|x86.ActiveCfg = Release|x86
		{FA37F6A7-5708-4EE6-A430-76EEE070EEFC}.Release|x86.Build.0 = Release|x86
		{FA37F6A7-5708-4EE6-A430-76EEE070EEFC}.Release|x86.Deploy.0 = Release|x86
		{96AFB43E-830F-4746-A7F1-443EFA73C4B8}.Ad-Hoc|Any CPU.ActiveCfg = Release|Any CPU
		{96AFB43E-830F-4746-A7F1-443EFA73C4B8}.Ad-Hoc|Any CPU.Build.0 = Release|Any CPU
		{96AFB43E-830F-4746-A7F1-443EFA73C4B8}.Ad-Hoc|ARM.ActiveCfg = Release|Any CPU
		{96AFB43E-830F-4746-A7F1-443EFA73C4B8}.Ad-Hoc|ARM.Build.0 = Release|Any CPU
		{96AFB43E-830F-4746-A7F1-443EFA73C4B8}.Ad-Hoc|iPhone.ActiveCfg = Release|Any CPU
		{96AFB43E-830F-4746-A7F1-443EFA73C4B8}.Ad-Hoc|iPhone.Build.0 = Release|Any CPU
		{96AFB43E-830F-4746-A7F1-443EFA73C4B8}.Ad-Hoc|iPhoneSimulator.ActiveCfg = Release|Any CPU
		{96AFB43E-830F-4746-A7F1-443EFA73C4B8}.Ad-Hoc|iPhoneSimulator.Build.0 = Release|Any CPU
		{96AFB43E-830F-4746-A7F1-443EFA73C4B8}.Ad-Hoc|x64.ActiveCfg = Release|Any CPU
		{96AFB43E-830F-4746-A7F1-443EFA73C4B8}.Ad-Hoc|x64.Build.0 = Release|Any CPU
		{96AFB43E-830F-4746-A7F1-443EFA73C4B8}.Ad-Hoc|x86.ActiveCfg = Release|Any CPU
		{96AFB43E-830F-4746-A7F1-443EFA73C4B8}.Ad-Hoc|x86.Build.0 = Release|Any CPU
		{96AFB43E-830F-4746-A7F1-443EFA73C4B8}.AppStore|Any CPU.ActiveCfg = Release|Any CPU
		{96AFB43E-830F-4746-A7F1-443EFA73C4B8}.AppStore|Any CPU.Build.0 = Release|Any CPU
		{96AFB43E-830F-4746-A7F1-443EFA73C4B8}.AppStore|ARM.ActiveCfg = Release|Any CPU
		{96AFB43E-830F-4746-A7F1-443EFA73C4B8}.AppStore|ARM.Build.0 = Release|Any CPU
		{96AFB43E-830F-4746-A7F1-443EFA73C4B8}.AppStore|iPhone.ActiveCfg = Release|Any CPU
		{96AFB43E-830F-4746-A7F1-443EFA73C4B8}.AppStore|iPhone.Build.0 = Release|Any CPU
		{96AFB43E-830F-4746-A7F1-443EFA73C4B8}.AppStore|iPhoneSimulator.ActiveCfg = Release|Any CPU
		{96AFB43E-830F-4746-A7F1-443EFA73C4B8}.AppStore|iPhoneSimulator.Build.0 = Release|Any CPU
		{96AFB43E-830F-4746-A7F1-443EFA73C4B8}.AppStore|x64.ActiveCfg = Release|Any CPU
		{96AFB43E-830F-4746-A7F1-443EFA73C4B8}.AppStore|x64.Build.0 = Release|Any CPU
		{96AFB43E-830F-4746-A7F1-443EFA73C4B8}.AppStore|x86.ActiveCfg = Release|Any CPU
		{96AFB43E-830F-4746-A7F1-443EFA73C4B8}.AppStore|x86.Build.0 = Release|Any CPU
		{96AFB43E-830F-4746-A7F1-443EFA73C4B8}.Debug|Any CPU.ActiveCfg = Debug|Any CPU
		{96AFB43E-830F-4746-A7F1-443EFA73C4B8}.Debug|Any CPU.Build.0 = Debug|Any CPU
		{96AFB43E-830F-4746-A7F1-443EFA73C4B8}.Debug|ARM.ActiveCfg = Debug|Any CPU
		{96AFB43E-830F-4746-A7F1-443EFA73C4B8}.Debug|ARM.Build.0 = Debug|Any CPU
		{96AFB43E-830F-4746-A7F1-443EFA73C4B8}.Debug|iPhone.ActiveCfg = Debug|Any CPU
		{96AFB43E-830F-4746-A7F1-443EFA73C4B8}.Debug|iPhone.Build.0 = Debug|Any CPU
		{96AFB43E-830F-4746-A7F1-443EFA73C4B8}.Debug|iPhoneSimulator.ActiveCfg = Debug|Any CPU
		{96AFB43E-830F-4746-A7F1-443EFA73C4B8}.Debug|iPhoneSimulator.Build.0 = Debug|Any CPU
		{96AFB43E-830F-4746-A7F1-443EFA73C4B8}.Debug|x64.ActiveCfg = Debug|Any CPU
		{96AFB43E-830F-4746-A7F1-443EFA73C4B8}.Debug|x64.Build.0 = Debug|Any CPU
		{96AFB43E-830F-4746-A7F1-443EFA73C4B8}.Debug|x86.ActiveCfg = Debug|Any CPU
		{96AFB43E-830F-4746-A7F1-443EFA73C4B8}.Debug|x86.Build.0 = Debug|Any CPU
		{96AFB43E-830F-4746-A7F1-443EFA73C4B8}.Release|Any CPU.ActiveCfg = Release|Any CPU
		{96AFB43E-830F-4746-A7F1-443EFA73C4B8}.Release|Any CPU.Build.0 = Release|Any CPU
		{96AFB43E-830F-4746-A7F1-443EFA73C4B8}.Release|ARM.ActiveCfg = Release|Any CPU
		{96AFB43E-830F-4746-A7F1-443EFA73C4B8}.Release|ARM.Build.0 = Release|Any CPU
		{96AFB43E-830F-4746-A7F1-443EFA73C4B8}.Release|iPhone.ActiveCfg = Release|Any CPU
		{96AFB43E-830F-4746-A7F1-443EFA73C4B8}.Release|iPhone.Build.0 = Release|Any CPU
		{96AFB43E-830F-4746-A7F1-443EFA73C4B8}.Release|iPhoneSimulator.ActiveCfg = Release|Any CPU
		{96AFB43E-830F-4746-A7F1-443EFA73C4B8}.Release|iPhoneSimulator.Build.0 = Release|Any CPU
		{96AFB43E-830F-4746-A7F1-443EFA73C4B8}.Release|x64.ActiveCfg = Release|Any CPU
		{96AFB43E-830F-4746-A7F1-443EFA73C4B8}.Release|x64.Build.0 = Release|Any CPU
		{96AFB43E-830F-4746-A7F1-443EFA73C4B8}.Release|x86.ActiveCfg = Release|Any CPU
		{96AFB43E-830F-4746-A7F1-443EFA73C4B8}.Release|x86.Build.0 = Release|Any CPU
	EndGlobalSection
	GlobalSection(SolutionProperties) = preSolution
		HideSolutionNode = FALSE
	EndGlobalSection
EndGlobal
