
Microsoft Visual Studio Solution File, Format Version 12.00
# Visual Studio 14
VisualStudioVersion = 14.0.24720.0
MinimumVisualStudioVersion = 10.0.40219.1
Project("{FAE04EC0-301F-11D3-BF4B-00C04F79EFBC}") = "TourStops.Droid", "TourStops.Android\TourStops.Droid.csproj", "{E32D1E62-E10C-4688-8954-D2E209540432}"
EndProject
Project("{FAE04EC0-301F-11D3-BF4B-00C04F79EFBC}") = "TourLib", "TourLib\TourLib.csproj", "{C135BC7D-86BF-4B36-B774-4FA68C251CA8}"
EndProject
Global
	GlobalSection(SolutionConfigurationPlatforms) = preSolution
		Debug|Any CPU = Debug|Any CPU
		Release|Any CPU = Release|Any CPU
	EndGlobalSection
	GlobalSection(ProjectConfigurationPlatforms) = postSolution
		{E32D1E62-E10C-4688-8954-D2E209540432}.Debug|Any CPU.ActiveCfg = Debug|Any CPU
		{E32D1E62-E10C-4688-8954-D2E209540432}.Debug|Any CPU.Build.0 = Debug|Any CPU
		{E32D1E62-E10C-4688-8954-D2E209540432}.Debug|Any CPU.Deploy.0 = Debug|Any CPU
		{E32D1E62-E10C-4688-8954-D2E209540432}.Release|Any CPU.ActiveCfg = Release|Any CPU
		{E32D1E62-E10C-4688-8954-D2E209540432}.Release|Any CPU.Build.0 = Release|Any CPU
		{E32D1E62-E10C-4688-8954-D2E209540432}.Release|Any CPU.Deploy.0 = Release|Any CPU
		{C135BC7D-86BF-4B36-B774-4FA68C251CA8}.Debug|Any CPU.ActiveCfg = Debug|Any CPU
		{C135BC7D-86BF-4B36-B774-4FA68C251CA8}.Debug|Any CPU.Build.0 = Debug|Any CPU
		{C135BC7D-86BF-4B36-B774-4FA68C251CA8}.Release|Any CPU.ActiveCfg = Release|Any CPU
		{C135BC7D-86BF-4B36-B774-4FA68C251CA8}.Release|Any CPU.Build.0 = Release|Any CPU
	EndGlobalSection
	GlobalSection(SolutionProperties) = preSolution
		HideSolutionNode = FALSE
	EndGlobalSection
EndGlobal
