
Microsoft Visual Studio Solution File, Format Version 12.00
# Visual Studio 14
VisualStudioVersion = 14.0.24720.0
MinimumVisualStudioVersion = 10.0.40219.1
Project("{FAE04EC0-301F-11D3-BF4B-00C04F79EFBC}") = "DefaultPCL", "DefaultPCL\DefaultPCL.csproj", "{BDA5CBB3-476B-4F00-953B-1BFCC89AFBB4}"
EndProject
Project("{FAE04EC0-301F-11D3-BF4B-00C04F79EFBC}") = "Win10Consumer", "Win10Consumer\Win10Consumer.csproj", "{38ACD998-6DE5-409C-B5C7-DFB17F472300}"
EndProject
Project("{FAE04EC0-301F-11D3-BF4B-00C04F79EFBC}") = "DesktopConsumer", "DesktopConsumer\DesktopConsumer.csproj", "{F5FAE32F-2935-439B-8FBA-9AD893EB8EFB}"
EndProject
Project("{FAE04EC0-301F-11D3-BF4B-00C04F79EFBC}") = "Phone8Consumer", "Phone8Consumer\Phone8Consumer.csproj", "{B427E185-3FAA-449B-9E45-11D4017DB836}"
EndProject
Project("{FAE04EC0-301F-11D3-BF4B-00C04F79EFBC}") = "NameGenPCL", "NameGenPCL\NameGenPCL.csproj", "{4635CDAB-D4FE-4007-B61C-FB0A44E0F00D}"
EndProject
Project("{2150E333-8FDC-42A3-9474-1A3956D46DE8}") = "PCLs", "PCLs", "{6779D65B-3D80-47EE-B6BD-C2261FC9C9FC}"
EndProject
Project("{2150E333-8FDC-42A3-9474-1A3956D46DE8}") = "Consumers", "Consumers", "{6722D899-73BE-4B36-9444-613AE5A03BE1}"
EndProject
Global
	GlobalSection(SolutionConfigurationPlatforms) = preSolution
		Debug|Any CPU = Debug|Any CPU
		Debug|ARM = Debug|ARM
		Debug|x64 = Debug|x64
		Debug|x86 = Debug|x86
		Release|Any CPU = Release|Any CPU
		Release|ARM = Release|ARM
		Release|x64 = Release|x64
		Release|x86 = Release|x86
	EndGlobalSection
	GlobalSection(ProjectConfigurationPlatforms) = postSolution
		{BDA5CBB3-476B-4F00-953B-1BFCC89AFBB4}.Debug|Any CPU.ActiveCfg = Debug|Any CPU
		{BDA5CBB3-476B-4F00-953B-1BFCC89AFBB4}.Debug|Any CPU.Build.0 = Debug|Any CPU
		{BDA5CBB3-476B-4F00-953B-1BFCC89AFBB4}.Debug|ARM.ActiveCfg = Debug|Any CPU
		{BDA5CBB3-476B-4F00-953B-1BFCC89AFBB4}.Debug|ARM.Build.0 = Debug|Any CPU
		{BDA5CBB3-476B-4F00-953B-1BFCC89AFBB4}.Debug|x64.ActiveCfg = Debug|Any CPU
		{BDA5CBB3-476B-4F00-953B-1BFCC89AFBB4}.Debug|x64.Build.0 = Debug|Any CPU
		{BDA5CBB3-476B-4F00-953B-1BFCC89AFBB4}.Debug|x86.ActiveCfg = Debug|Any CPU
		{BDA5CBB3-476B-4F00-953B-1BFCC89AFBB4}.Debug|x86.Build.0 = Debug|Any CPU
		{BDA5CBB3-476B-4F00-953B-1BFCC89AFBB4}.Release|Any CPU.ActiveCfg = Release|Any CPU
		{BDA5CBB3-476B-4F00-953B-1BFCC89AFBB4}.Release|Any CPU.Build.0 = Release|Any CPU
		{BDA5CBB3-476B-4F00-953B-1BFCC89AFBB4}.Release|ARM.ActiveCfg = Release|Any CPU
		{BDA5CBB3-476B-4F00-953B-1BFCC89AFBB4}.Release|ARM.Build.0 = Release|Any CPU
		{BDA5CBB3-476B-4F00-953B-1BFCC89AFBB4}.Release|x64.ActiveCfg = Release|Any CPU
		{BDA5CBB3-476B-4F00-953B-1BFCC89AFBB4}.Release|x64.Build.0 = Release|Any CPU
		{BDA5CBB3-476B-4F00-953B-1BFCC89AFBB4}.Release|x86.ActiveCfg = Release|Any CPU
		{BDA5CBB3-476B-4F00-953B-1BFCC89AFBB4}.Release|x86.Build.0 = Release|Any CPU
		{38ACD998-6DE5-409C-B5C7-DFB17F472300}.Debug|Any CPU.ActiveCfg = Debug|x86
		{38ACD998-6DE5-409C-B5C7-DFB17F472300}.Debug|Any CPU.Deploy.0 = Debug|x86
		{38ACD998-6DE5-409C-B5C7-DFB17F472300}.Debug|ARM.ActiveCfg = Debug|ARM
		{38ACD998-6DE5-409C-B5C7-DFB17F472300}.Debug|ARM.Build.0 = Debug|ARM
		{38ACD998-6DE5-409C-B5C7-DFB17F472300}.Debug|ARM.Deploy.0 = Debug|ARM
		{38ACD998-6DE5-409C-B5C7-DFB17F472300}.Debug|x64.ActiveCfg = Debug|x64
		{38ACD998-6DE5-409C-B5C7-DFB17F472300}.Debug|x64.Build.0 = Debug|x64
		{38ACD998-6DE5-409C-B5C7-DFB17F472300}.Debug|x64.Deploy.0 = Debug|x64
		{38ACD998-6DE5-409C-B5C7-DFB17F472300}.Debug|x86.ActiveCfg = Debug|x86
		{38ACD998-6DE5-409C-B5C7-DFB17F472300}.Debug|x86.Build.0 = Debug|x86
		{38ACD998-6DE5-409C-B5C7-DFB17F472300}.Debug|x86.Deploy.0 = Debug|x86
		{38ACD998-6DE5-409C-B5C7-DFB17F472300}.Release|Any CPU.ActiveCfg = Release|x86
		{38ACD998-6DE5-409C-B5C7-DFB17F472300}.Release|ARM.ActiveCfg = Release|ARM
		{38ACD998-6DE5-409C-B5C7-DFB17F472300}.Release|ARM.Build.0 = Release|ARM
		{38ACD998-6DE5-409C-B5C7-DFB17F472300}.Release|ARM.Deploy.0 = Release|ARM
		{38ACD998-6DE5-409C-B5C7-DFB17F472300}.Release|x64.ActiveCfg = Release|x64
		{38ACD998-6DE5-409C-B5C7-DFB17F472300}.Release|x64.Build.0 = Release|x64
		{38ACD998-6DE5-409C-B5C7-DFB17F472300}.Release|x64.Deploy.0 = Release|x64
		{38ACD998-6DE5-409C-B5C7-DFB17F472300}.Release|x86.ActiveCfg = Release|x86
		{38ACD998-6DE5-409C-B5C7-DFB17F472300}.Release|x86.Build.0 = Release|x86
		{38ACD998-6DE5-409C-B5C7-DFB17F472300}.Release|x86.Deploy.0 = Release|x86
		{F5FAE32F-2935-439B-8FBA-9AD893EB8EFB}.Debug|Any CPU.ActiveCfg = Debug|Any CPU
		{F5FAE32F-2935-439B-8FBA-9AD893EB8EFB}.Debug|Any CPU.Build.0 = Debug|Any CPU
		{F5FAE32F-2935-439B-8FBA-9AD893EB8EFB}.Debug|ARM.ActiveCfg = Debug|Any CPU
		{F5FAE32F-2935-439B-8FBA-9AD893EB8EFB}.Debug|ARM.Build.0 = Debug|Any CPU
		{F5FAE32F-2935-439B-8FBA-9AD893EB8EFB}.Debug|x64.ActiveCfg = Debug|Any CPU
		{F5FAE32F-2935-439B-8FBA-9AD893EB8EFB}.Debug|x64.Build.0 = Debug|Any CPU
		{F5FAE32F-2935-439B-8FBA-9AD893EB8EFB}.Debug|x86.ActiveCfg = Debug|Any CPU
		{F5FAE32F-2935-439B-8FBA-9AD893EB8EFB}.Debug|x86.Build.0 = Debug|Any CPU
		{F5FAE32F-2935-439B-8FBA-9AD893EB8EFB}.Release|Any CPU.ActiveCfg = Release|Any CPU
		{F5FAE32F-2935-439B-8FBA-9AD893EB8EFB}.Release|Any CPU.Build.0 = Release|Any CPU
		{F5FAE32F-2935-439B-8FBA-9AD893EB8EFB}.Release|ARM.ActiveCfg = Release|Any CPU
		{F5FAE32F-2935-439B-8FBA-9AD893EB8EFB}.Release|ARM.Build.0 = Release|Any CPU
		{F5FAE32F-2935-439B-8FBA-9AD893EB8EFB}.Release|x64.ActiveCfg = Release|Any CPU
		{F5FAE32F-2935-439B-8FBA-9AD893EB8EFB}.Release|x64.Build.0 = Release|Any CPU
		{F5FAE32F-2935-439B-8FBA-9AD893EB8EFB}.Release|x86.ActiveCfg = Release|Any CPU
		{F5FAE32F-2935-439B-8FBA-9AD893EB8EFB}.Release|x86.Build.0 = Release|Any CPU
		{B427E185-3FAA-449B-9E45-11D4017DB836}.Debug|Any CPU.ActiveCfg = Debug|Any CPU
		{B427E185-3FAA-449B-9E45-11D4017DB836}.Debug|Any CPU.Build.0 = Debug|Any CPU
		{B427E185-3FAA-449B-9E45-11D4017DB836}.Debug|Any CPU.Deploy.0 = Debug|Any CPU
		{B427E185-3FAA-449B-9E45-11D4017DB836}.Debug|ARM.ActiveCfg = Debug|ARM
		{B427E185-3FAA-449B-9E45-11D4017DB836}.Debug|ARM.Build.0 = Debug|ARM
		{B427E185-3FAA-449B-9E45-11D4017DB836}.Debug|ARM.Deploy.0 = Debug|ARM
		{B427E185-3FAA-449B-9E45-11D4017DB836}.Debug|x64.ActiveCfg = Debug|Any CPU
		{B427E185-3FAA-449B-9E45-11D4017DB836}.Debug|x64.Build.0 = Debug|Any CPU
		{B427E185-3FAA-449B-9E45-11D4017DB836}.Debug|x64.Deploy.0 = Debug|Any CPU
		{B427E185-3FAA-449B-9E45-11D4017DB836}.Debug|x86.ActiveCfg = Debug|x86
		{B427E185-3FAA-449B-9E45-11D4017DB836}.Debug|x86.Build.0 = Debug|x86
		{B427E185-3FAA-449B-9E45-11D4017DB836}.Debug|x86.Deploy.0 = Debug|x86
		{B427E185-3FAA-449B-9E45-11D4017DB836}.Release|Any CPU.ActiveCfg = Release|Any CPU
		{B427E185-3FAA-449B-9E45-11D4017DB836}.Release|Any CPU.Build.0 = Release|Any CPU
		{B427E185-3FAA-449B-9E45-11D4017DB836}.Release|Any CPU.Deploy.0 = Release|Any CPU
		{B427E185-3FAA-449B-9E45-11D4017DB836}.Release|ARM.ActiveCfg = Release|ARM
		{B427E185-3FAA-449B-9E45-11D4017DB836}.Release|ARM.Build.0 = Release|ARM
		{B427E185-3FAA-449B-9E45-11D4017DB836}.Release|ARM.Deploy.0 = Release|ARM
		{B427E185-3FAA-449B-9E45-11D4017DB836}.Release|x64.ActiveCfg = Release|Any CPU
		{B427E185-3FAA-449B-9E45-11D4017DB836}.Release|x64.Build.0 = Release|Any CPU
		{B427E185-3FAA-449B-9E45-11D4017DB836}.Release|x64.Deploy.0 = Release|Any CPU
		{B427E185-3FAA-449B-9E45-11D4017DB836}.Release|x86.ActiveCfg = Release|x86
		{B427E185-3FAA-449B-9E45-11D4017DB836}.Release|x86.Build.0 = Release|x86
		{B427E185-3FAA-449B-9E45-11D4017DB836}.Release|x86.Deploy.0 = Release|x86
		{4635CDAB-D4FE-4007-B61C-FB0A44E0F00D}.Debug|Any CPU.ActiveCfg = Debug|Any CPU
		{4635CDAB-D4FE-4007-B61C-FB0A44E0F00D}.Debug|Any CPU.Build.0 = Debug|Any CPU
		{4635CDAB-D4FE-4007-B61C-FB0A44E0F00D}.Debug|ARM.ActiveCfg = Debug|Any CPU
		{4635CDAB-D4FE-4007-B61C-FB0A44E0F00D}.Debug|ARM.Build.0 = Debug|Any CPU
		{4635CDAB-D4FE-4007-B61C-FB0A44E0F00D}.Debug|x64.ActiveCfg = Debug|Any CPU
		{4635CDAB-D4FE-4007-B61C-FB0A44E0F00D}.Debug|x64.Build.0 = Debug|Any CPU
		{4635CDAB-D4FE-4007-B61C-FB0A44E0F00D}.Debug|x86.ActiveCfg = Debug|Any CPU
		{4635CDAB-D4FE-4007-B61C-FB0A44E0F00D}.Debug|x86.Build.0 = Debug|Any CPU
		{4635CDAB-D4FE-4007-B61C-FB0A44E0F00D}.Release|Any CPU.ActiveCfg = Release|Any CPU
		{4635CDAB-D4FE-4007-B61C-FB0A44E0F00D}.Release|Any CPU.Build.0 = Release|Any CPU
		{4635CDAB-D4FE-4007-B61C-FB0A44E0F00D}.Release|ARM.ActiveCfg = Release|Any CPU
		{4635CDAB-D4FE-4007-B61C-FB0A44E0F00D}.Release|ARM.Build.0 = Release|Any CPU
		{4635CDAB-D4FE-4007-B61C-FB0A44E0F00D}.Release|x64.ActiveCfg = Release|Any CPU
		{4635CDAB-D4FE-4007-B61C-FB0A44E0F00D}.Release|x64.Build.0 = Release|Any CPU
		{4635CDAB-D4FE-4007-B61C-FB0A44E0F00D}.Release|x86.ActiveCfg = Release|Any CPU
		{4635CDAB-D4FE-4007-B61C-FB0A44E0F00D}.Release|x86.Build.0 = Release|Any CPU
	EndGlobalSection
	GlobalSection(SolutionProperties) = preSolution
		HideSolutionNode = FALSE
	EndGlobalSection
	GlobalSection(NestedProjects) = preSolution
		{BDA5CBB3-476B-4F00-953B-1BFCC89AFBB4} = {6779D65B-3D80-47EE-B6BD-C2261FC9C9FC}
		{38ACD998-6DE5-409C-B5C7-DFB17F472300} = {6722D899-73BE-4B36-9444-613AE5A03BE1}
		{F5FAE32F-2935-439B-8FBA-9AD893EB8EFB} = {6722D899-73BE-4B36-9444-613AE5A03BE1}
		{B427E185-3FAA-449B-9E45-11D4017DB836} = {6722D899-73BE-4B36-9444-613AE5A03BE1}
		{4635CDAB-D4FE-4007-B61C-FB0A44E0F00D} = {6779D65B-3D80-47EE-B6BD-C2261FC9C9FC}
	EndGlobalSection
EndGlobal
