
Microsoft Visual Studio Solution File, Format Version 12.00
# Visual Studio 14
VisualStudioVersion = 14.0.24720.0
MinimumVisualStudioVersion = 10.0.40219.1
Project("{FAE04EC0-301F-11D3-BF4B-00C04F79EFBC}") = "TourStops.iOS", "TourStops.iOS\TourStops.iOS.csproj", "{6D6EEDD4-D5B8-49DA-B7F9-0812DEDD7FE0}"
EndProject
Global
	GlobalSection(SolutionConfigurationPlatforms) = preSolution
		Ad-Hoc|iPhone = Ad-Hoc|iPhone
		Ad-Hoc|iPhoneSimulator = Ad-Hoc|iPhoneSimulator
		AppStore|iPhone = AppStore|iPhone
		AppStore|iPhoneSimulator = AppStore|iPhoneSimulator
		Debug|iPhone = Debug|iPhone
		Debug|iPhoneSimulator = Debug|iPhoneSimulator
		Release|iPhone = Release|iPhone
		Release|iPhoneSimulator = Release|iPhoneSimulator
	EndGlobalSection
	GlobalSection(ProjectConfigurationPlatforms) = postSolution
		{6D6EEDD4-D5B8-49DA-B7F9-0812DEDD7FE0}.Ad-Hoc|iPhone.ActiveCfg = Ad-Hoc|iPhone
		{6D6EEDD4-D5B8-49DA-B7F9-0812DEDD7FE0}.Ad-Hoc|iPhone.Build.0 = Ad-Hoc|iPhone
		{6D6EEDD4-D5B8-49DA-B7F9-0812DEDD7FE0}.Ad-Hoc|iPhoneSimulator.ActiveCfg = Ad-Hoc|iPhoneSimulator
		{6D6EEDD4-D5B8-49DA-B7F9-0812DEDD7FE0}.Ad-Hoc|iPhoneSimulator.Build.0 = Ad-Hoc|iPhoneSimulator
		{6D6EEDD4-D5B8-49DA-B7F9-0812DEDD7FE0}.AppStore|iPhone.ActiveCfg = AppStore|iPhone
		{6D6EEDD4-D5B8-49DA-B7F9-0812DEDD7FE0}.AppStore|iPhone.Build.0 = AppStore|iPhone
		{6D6EEDD4-D5B8-49DA-B7F9-0812DEDD7FE0}.AppStore|iPhoneSimulator.ActiveCfg = AppStore|iPhoneSimulator
		{6D6EEDD4-D5B8-49DA-B7F9-0812DEDD7FE0}.AppStore|iPhoneSimulator.Build.0 = AppStore|iPhoneSimulator
		{6D6EEDD4-D5B8-49DA-B7F9-0812DEDD7FE0}.Debug|iPhone.ActiveCfg = Debug|iPhone
		{6D6EEDD4-D5B8-49DA-B7F9-0812DEDD7FE0}.Debug|iPhone.Build.0 = Debug|iPhone
		{6D6EEDD4-D5B8-49DA-B7F9-0812DEDD7FE0}.Debug|iPhoneSimulator.ActiveCfg = Debug|iPhoneSimulator
		{6D6EEDD4-D5B8-49DA-B7F9-0812DEDD7FE0}.Debug|iPhoneSimulator.Build.0 = Debug|iPhoneSimulator
		{6D6EEDD4-D5B8-49DA-B7F9-0812DEDD7FE0}.Release|iPhone.ActiveCfg = Release|iPhone
		{6D6EEDD4-D5B8-49DA-B7F9-0812DEDD7FE0}.Release|iPhone.Build.0 = Release|iPhone
		{6D6EEDD4-D5B8-49DA-B7F9-0812DEDD7FE0}.Release|iPhoneSimulator.ActiveCfg = Release|iPhoneSimulator
		{6D6EEDD4-D5B8-49DA-B7F9-0812DEDD7FE0}.Release|iPhoneSimulator.Build.0 = Release|iPhoneSimulator
	EndGlobalSection
	GlobalSection(SolutionProperties) = preSolution
		HideSolutionNode = FALSE
	EndGlobalSection
EndGlobal
