
Microsoft Visual Studio Solution File, Format Version 12.00
# Visual Studio 14
VisualStudioVersion = 14.0.24720.0
MinimumVisualStudioVersion = 10.0.40219.1
Project("{FAE04EC0-301F-11D3-BF4B-00C04F79EFBC}") = "ShowDataBinding.Droid", "ShowDataBinding\ShowDataBinding.Droid\ShowDataBinding.Droid.csproj", "{ED948687-19B6-4D20-B35C-E528BB8F4DEE}"
EndProject
Project("{FAE04EC0-301F-11D3-BF4B-00C04F79EFBC}") = "ShowDataBinding.iOS", "ShowDataBinding\ShowDataBinding.iOS\ShowDataBinding.iOS.csproj", "{33472445-13CB-4939-A621-6F32B98B452D}"
EndProject
Project("{FAE04EC0-301F-11D3-BF4B-00C04F79EFBC}") = "ShowDataBinding.UWP", "ShowDataBinding\ShowDataBinding.UWP\ShowDataBinding.UWP.csproj", "{3615D7E9-77C4-4D87-8F5A-36DD0ACCF0E3}"
EndProject
Project("{FAE04EC0-301F-11D3-BF4B-00C04F79EFBC}") = "ShowDataBinding", "ShowDataBinding\ShowDataBinding\ShowDataBinding.csproj", "{1DE6E78E-EBEB-4268-AFDC-D5074D71F86A}"
EndProject
Global
	GlobalSection(SolutionConfigurationPlatforms) = preSolution
		Ad-Hoc|Any CPU = Ad-Hoc|Any CPU
		Ad-Hoc|ARM = Ad-Hoc|ARM
		Ad-Hoc|iPhone = Ad-Hoc|iPhone
		Ad-Hoc|iPhoneSimulator = Ad-Hoc|iPhoneSimulator
		Ad-Hoc|x64 = Ad-Hoc|x64
		Ad-Hoc|x86 = Ad-Hoc|x86
		AppStore|Any CPU = AppStore|Any CPU
		AppStore|ARM = AppStore|ARM
		AppStore|iPhone = AppStore|iPhone
		AppStore|iPhoneSimulator = AppStore|iPhoneSimulator
		AppStore|x64 = AppStore|x64
		AppStore|x86 = AppStore|x86
		Debug|Any CPU = Debug|Any CPU
		Debug|ARM = Debug|ARM
		Debug|iPhone = Debug|iPhone
		Debug|iPhoneSimulator = Debug|iPhoneSimulator
		Debug|x64 = Debug|x64
		Debug|x86 = Debug|x86
		Release|Any CPU = Release|Any CPU
		Release|ARM = Release|ARM
		Release|iPhone = Release|iPhone
		Release|iPhoneSimulator = Release|iPhoneSimulator
		Release|x64 = Release|x64
		Release|x86 = Release|x86
	EndGlobalSection
	GlobalSection(ProjectConfigurationPlatforms) = postSolution
		{ED948687-19B6-4D20-B35C-E528BB8F4DEE}.Ad-Hoc|Any CPU.ActiveCfg = Release|Any CPU
		{ED948687-19B6-4D20-B35C-E528BB8F4DEE}.Ad-Hoc|Any CPU.Build.0 = Release|Any CPU
		{ED948687-19B6-4D20-B35C-E528BB8F4DEE}.Ad-Hoc|Any CPU.Deploy.0 = Release|Any CPU
		{ED948687-19B6-4D20-B35C-E528BB8F4DEE}.Ad-Hoc|ARM.ActiveCfg = Release|Any CPU
		{ED948687-19B6-4D20-B35C-E528BB8F4DEE}.Ad-Hoc|ARM.Build.0 = Release|Any CPU
		{ED948687-19B6-4D20-B35C-E528BB8F4DEE}.Ad-Hoc|ARM.Deploy.0 = Release|Any CPU
		{ED948687-19B6-4D20-B35C-E528BB8F4DEE}.Ad-Hoc|iPhone.ActiveCfg = Release|Any CPU
		{ED948687-19B6-4D20-B35C-E528BB8F4DEE}.Ad-Hoc|iPhone.Build.0 = Release|Any CPU
		{ED948687-19B6-4D20-B35C-E528BB8F4DEE}.Ad-Hoc|iPhone.Deploy.0 = Release|Any CPU
		{ED948687-19B6-4D20-B35C-E528BB8F4DEE}.Ad-Hoc|iPhoneSimulator.ActiveCfg = Release|Any CPU
		{ED948687-19B6-4D20-B35C-E528BB8F4DEE}.Ad-Hoc|iPhoneSimulator.Build.0 = Release|Any CPU
		{ED948687-19B6-4D20-B35C-E528BB8F4DEE}.Ad-Hoc|iPhoneSimulator.Deploy.0 = Release|Any CPU
		{ED948687-19B6-4D20-B35C-E528BB8F4DEE}.Ad-Hoc|x64.ActiveCfg = Release|Any CPU
		{ED948687-19B6-4D20-B35C-E528BB8F4DEE}.Ad-Hoc|x64.Build.0 = Release|Any CPU
		{ED948687-19B6-4D20-B35C-E528BB8F4DEE}.Ad-Hoc|x64.Deploy.0 = Release|Any CPU
		{ED948687-19B6-4D20-B35C-E528BB8F4DEE}.Ad-Hoc|x86.ActiveCfg = Release|Any CPU
		{ED948687-19B6-4D20-B35C-E528BB8F4DEE}.Ad-Hoc|x86.Build.0 = Release|Any CPU
		{ED948687-19B6-4D20-B35C-E528BB8F4DEE}.Ad-Hoc|x86.Deploy.0 = Release|Any CPU
		{ED948687-19B6-4D20-B35C-E528BB8F4DEE}.AppStore|Any CPU.ActiveCfg = Release|Any CPU
		{ED948687-19B6-4D20-B35C-E528BB8F4DEE}.AppStore|Any CPU.Build.0 = Release|Any CPU
		{ED948687-19B6-4D20-B35C-E528BB8F4DEE}.AppStore|Any CPU.Deploy.0 = Release|Any CPU
		{ED948687-19B6-4D20-B35C-E528BB8F4DEE}.AppStore|ARM.ActiveCfg = Release|Any CPU
		{ED948687-19B6-4D20-B35C-E528BB8F4DEE}.AppStore|ARM.Build.0 = Release|Any CPU
		{ED948687-19B6-4D20-B35C-E528BB8F4DEE}.AppStore|ARM.Deploy.0 = Release|Any CPU
		{ED948687-19B6-4D20-B35C-E528BB8F4DEE}.AppStore|iPhone.ActiveCfg = Release|Any CPU
		{ED948687-19B6-4D20-B35C-E528BB8F4DEE}.AppStore|iPhone.Build.0 = Release|Any CPU
		{ED948687-19B6-4D20-B35C-E528BB8F4DEE}.AppStore|iPhone.Deploy.0 = Release|Any CPU
		{ED948687-19B6-4D20-B35C-E528BB8F4DEE}.AppStore|iPhoneSimulator.ActiveCfg = Release|Any CPU
		{ED948687-19B6-4D20-B35C-E528BB8F4DEE}.AppStore|iPhoneSimulator.Build.0 = Release|Any CPU
		{ED948687-19B6-4D20-B35C-E528BB8F4DEE}.AppStore|iPhoneSimulator.Deploy.0 = Release|Any CPU
		{ED948687-19B6-4D20-B35C-E528BB8F4DEE}.AppStore|x64.ActiveCfg = Release|Any CPU
		{ED948687-19B6-4D20-B35C-E528BB8F4DEE}.AppStore|x64.Build.0 = Release|Any CPU
		{ED948687-19B6-4D20-B35C-E528BB8F4DEE}.AppStore|x64.Deploy.0 = Release|Any CPU
		{ED948687-19B6-4D20-B35C-E528BB8F4DEE}.AppStore|x86.ActiveCfg = Release|Any CPU
		{ED948687-19B6-4D20-B35C-E528BB8F4DEE}.AppStore|x86.Build.0 = Release|Any CPU
		{ED948687-19B6-4D20-B35C-E528BB8F4DEE}.AppStore|x86.Deploy.0 = Release|Any CPU
		{ED948687-19B6-4D20-B35C-E528BB8F4DEE}.Debug|Any CPU.ActiveCfg = Debug|Any CPU
		{ED948687-19B6-4D20-B35C-E528BB8F4DEE}.Debug|Any CPU.Build.0 = Debug|Any CPU
		{ED948687-19B6-4D20-B35C-E528BB8F4DEE}.Debug|Any CPU.Deploy.0 = Debug|Any CPU
		{ED948687-19B6-4D20-B35C-E528BB8F4DEE}.Debug|ARM.ActiveCfg = Debug|Any CPU
		{ED948687-19B6-4D20-B35C-E528BB8F4DEE}.Debug|ARM.Build.0 = Debug|Any CPU
		{ED948687-19B6-4D20-B35C-E528BB8F4DEE}.Debug|ARM.Deploy.0 = Debug|Any CPU
		{ED948687-19B6-4D20-B35C-E528BB8F4DEE}.Debug|iPhone.ActiveCfg = Debug|Any CPU
		{ED948687-19B6-4D20-B35C-E528BB8F4DEE}.Debug|iPhone.Build.0 = Debug|Any CPU
		{ED948687-19B6-4D20-B35C-E528BB8F4DEE}.Debug|iPhone.Deploy.0 = Debug|Any CPU
		{ED948687-19B6-4D20-B35C-E528BB8F4DEE}.Debug|iPhoneSimulator.ActiveCfg = Debug|Any CPU
		{ED948687-19B6-4D20-B35C-E528BB8F4DEE}.Debug|iPhoneSimulator.Build.0 = Debug|Any CPU
		{ED948687-19B6-4D20-B35C-E528BB8F4DEE}.Debug|iPhoneSimulator.Deploy.0 = Debug|Any CPU
		{ED948687-19B6-4D20-B35C-E528BB8F4DEE}.Debug|x64.ActiveCfg = Debug|Any CPU
		{ED948687-19B6-4D20-B35C-E528BB8F4DEE}.Debug|x64.Build.0 = Debug|Any CPU
		{ED948687-19B6-4D20-B35C-E528BB8F4DEE}.Debug|x64.Deploy.0 = Debug|Any CPU
		{ED948687-19B6-4D20-B35C-E528BB8F4DEE}.Debug|x86.ActiveCfg = Debug|Any CPU
		{ED948687-19B6-4D20-B35C-E528BB8F4DEE}.Debug|x86.Build.0 = Debug|Any CPU
		{ED948687-19B6-4D20-B35C-E528BB8F4DEE}.Debug|x86.Deploy.0 = Debug|Any CPU
		{ED948687-19B6-4D20-B35C-E528BB8F4DEE}.Release|Any CPU.ActiveCfg = Release|Any CPU
		{ED948687-19B6-4D20-B35C-E528BB8F4DEE}.Release|Any CPU.Build.0 = Release|Any CPU
		{ED948687-19B6-4D20-B35C-E528BB8F4DEE}.Release|Any CPU.Deploy.0 = Release|Any CPU
		{ED948687-19B6-4D20-B35C-E528BB8F4DEE}.Release|ARM.ActiveCfg = Release|Any CPU
		{ED948687-19B6-4D20-B35C-E528BB8F4DEE}.Release|ARM.Build.0 = Release|Any CPU
		{ED948687-19B6-4D20-B35C-E528BB8F4DEE}.Release|ARM.Deploy.0 = Release|Any CPU
		{ED948687-19B6-4D20-B35C-E528BB8F4DEE}.Release|iPhone.ActiveCfg = Release|Any CPU
		{ED948687-19B6-4D20-B35C-E528BB8F4DEE}.Release|iPhone.Build.0 = Release|Any CPU
		{ED948687-19B6-4D20-B35C-E528BB8F4DEE}.Release|iPhone.Deploy.0 = Release|Any CPU
		{ED948687-19B6-4D20-B35C-E528BB8F4DEE}.Release|iPhoneSimulator.ActiveCfg = Release|Any CPU
		{ED948687-19B6-4D20-B35C-E528BB8F4DEE}.Release|iPhoneSimulator.Build.0 = Release|Any CPU
		{ED948687-19B6-4D20-B35C-E528BB8F4DEE}.Release|iPhoneSimulator.Deploy.0 = Release|Any CPU
		{ED948687-19B6-4D20-B35C-E528BB8F4DEE}.Release|x64.ActiveCfg = Release|Any CPU
		{ED948687-19B6-4D20-B35C-E528BB8F4DEE}.Release|x64.Build.0 = Release|Any CPU
		{ED948687-19B6-4D20-B35C-E528BB8F4DEE}.Release|x64.Deploy.0 = Release|Any CPU
		{ED948687-19B6-4D20-B35C-E528BB8F4DEE}.Release|x86.ActiveCfg = Release|Any CPU
		{ED948687-19B6-4D20-B35C-E528BB8F4DEE}.Release|x86.Build.0 = Release|Any CPU
		{ED948687-19B6-4D20-B35C-E528BB8F4DEE}.Release|x86.Deploy.0 = Release|Any CPU
		{33472445-13CB-4939-A621-6F32B98B452D}.Ad-Hoc|Any CPU.ActiveCfg = Ad-Hoc|iPhone
		{33472445-13CB-4939-A621-6F32B98B452D}.Ad-Hoc|ARM.ActiveCfg = Ad-Hoc|iPhone
		{33472445-13CB-4939-A621-6F32B98B452D}.Ad-Hoc|iPhone.ActiveCfg = Ad-Hoc|iPhone
		{33472445-13CB-4939-A621-6F32B98B452D}.Ad-Hoc|iPhone.Build.0 = Ad-Hoc|iPhone
		{33472445-13CB-4939-A621-6F32B98B452D}.Ad-Hoc|iPhoneSimulator.ActiveCfg = Ad-Hoc|iPhoneSimulator
		{33472445-13CB-4939-A621-6F32B98B452D}.Ad-Hoc|iPhoneSimulator.Build.0 = Ad-Hoc|iPhoneSimulator
		{33472445-13CB-4939-A621-6F32B98B452D}.Ad-Hoc|x64.ActiveCfg = Ad-Hoc|iPhone
		{33472445-13CB-4939-A621-6F32B98B452D}.Ad-Hoc|x86.ActiveCfg = Ad-Hoc|iPhone
		{33472445-13CB-4939-A621-6F32B98B452D}.AppStore|Any CPU.ActiveCfg = AppStore|iPhone
		{33472445-13CB-4939-A621-6F32B98B452D}.AppStore|ARM.ActiveCfg = AppStore|iPhone
		{33472445-13CB-4939-A621-6F32B98B452D}.AppStore|iPhone.ActiveCfg = AppStore|iPhone
		{33472445-13CB-4939-A621-6F32B98B452D}.AppStore|iPhone.Build.0 = AppStore|iPhone
		{33472445-13CB-4939-A621-6F32B98B452D}.AppStore|iPhoneSimulator.ActiveCfg = AppStore|iPhoneSimulator
		{33472445-13CB-4939-A621-6F32B98B452D}.AppStore|iPhoneSimulator.Build.0 = AppStore|iPhoneSimulator
		{33472445-13CB-4939-A621-6F32B98B452D}.AppStore|x64.ActiveCfg = AppStore|iPhone
		{33472445-13CB-4939-A621-6F32B98B452D}.AppStore|x86.ActiveCfg = AppStore|iPhone
		{33472445-13CB-4939-A621-6F32B98B452D}.Debug|Any CPU.ActiveCfg = Debug|iPhone
		{33472445-13CB-4939-A621-6F32B98B452D}.Debug|ARM.ActiveCfg = Debug|iPhone
		{33472445-13CB-4939-A621-6F32B98B452D}.Debug|iPhone.ActiveCfg = Debug|iPhone
		{33472445-13CB-4939-A621-6F32B98B452D}.Debug|iPhone.Build.0 = Debug|iPhone
		{33472445-13CB-4939-A621-6F32B98B452D}.Debug|iPhoneSimulator.ActiveCfg = Debug|iPhoneSimulator
		{33472445-13CB-4939-A621-6F32B98B452D}.Debug|iPhoneSimulator.Build.0 = Debug|iPhoneSimulator
		{33472445-13CB-4939-A621-6F32B98B452D}.Debug|x64.ActiveCfg = Debug|iPhone
		{33472445-13CB-4939-A621-6F32B98B452D}.Debug|x86.ActiveCfg = Debug|iPhone
		{33472445-13CB-4939-A621-6F32B98B452D}.Release|Any CPU.ActiveCfg = Release|iPhone
		{33472445-13CB-4939-A621-6F32B98B452D}.Release|ARM.ActiveCfg = Release|iPhone
		{33472445-13CB-4939-A621-6F32B98B452D}.Release|iPhone.ActiveCfg = Release|iPhone
		{33472445-13CB-4939-A621-6F32B98B452D}.Release|iPhone.Build.0 = Release|iPhone
		{33472445-13CB-4939-A621-6F32B98B452D}.Release|iPhoneSimulator.ActiveCfg = Release|iPhoneSimulator
		{33472445-13CB-4939-A621-6F32B98B452D}.Release|iPhoneSimulator.Build.0 = Release|iPhoneSimulator
		{33472445-13CB-4939-A621-6F32B98B452D}.Release|x64.ActiveCfg = Release|iPhone
		{33472445-13CB-4939-A621-6F32B98B452D}.Release|x86.ActiveCfg = Release|iPhone
		{3615D7E9-77C4-4D87-8F5A-36DD0ACCF0E3}.Ad-Hoc|Any CPU.ActiveCfg = Release|x86
		{3615D7E9-77C4-4D87-8F5A-36DD0ACCF0E3}.Ad-Hoc|Any CPU.Build.0 = Release|x86
		{3615D7E9-77C4-4D87-8F5A-36DD0ACCF0E3}.Ad-Hoc|Any CPU.Deploy.0 = Release|x86
		{3615D7E9-77C4-4D87-8F5A-36DD0ACCF0E3}.Ad-Hoc|ARM.ActiveCfg = Release|ARM
		{3615D7E9-77C4-4D87-8F5A-36DD0ACCF0E3}.Ad-Hoc|ARM.Build.0 = Release|ARM
		{3615D7E9-77C4-4D87-8F5A-36DD0ACCF0E3}.Ad-Hoc|ARM.Deploy.0 = Release|ARM
		{3615D7E9-77C4-4D87-8F5A-36DD0ACCF0E3}.Ad-Hoc|iPhone.ActiveCfg = Release|x86
		{3615D7E9-77C4-4D87-8F5A-36DD0ACCF0E3}.Ad-Hoc|iPhone.Build.0 = Release|x86
		{3615D7E9-77C4-4D87-8F5A-36DD0ACCF0E3}.Ad-Hoc|iPhone.Deploy.0 = Release|x86
		{3615D7E9-77C4-4D87-8F5A-36DD0ACCF0E3}.Ad-Hoc|iPhoneSimulator.ActiveCfg = Release|x86
		{3615D7E9-77C4-4D87-8F5A-36DD0ACCF0E3}.Ad-Hoc|iPhoneSimulator.Build.0 = Release|x86
		{3615D7E9-77C4-4D87-8F5A-36DD0ACCF0E3}.Ad-Hoc|iPhoneSimulator.Deploy.0 = Release|x86
		{3615D7E9-77C4-4D87-8F5A-36DD0ACCF0E3}.Ad-Hoc|x64.ActiveCfg = Release|x64
		{3615D7E9-77C4-4D87-8F5A-36DD0ACCF0E3}.Ad-Hoc|x64.Build.0 = Release|x64
		{3615D7E9-77C4-4D87-8F5A-36DD0ACCF0E3}.Ad-Hoc|x64.Deploy.0 = Release|x64
		{3615D7E9-77C4-4D87-8F5A-36DD0ACCF0E3}.Ad-Hoc|x86.ActiveCfg = Release|x86
		{3615D7E9-77C4-4D87-8F5A-36DD0ACCF0E3}.Ad-Hoc|x86.Build.0 = Release|x86
		{3615D7E9-77C4-4D87-8F5A-36DD0ACCF0E3}.Ad-Hoc|x86.Deploy.0 = Release|x86
		{3615D7E9-77C4-4D87-8F5A-36DD0ACCF0E3}.AppStore|Any CPU.ActiveCfg = Release|x86
		{3615D7E9-77C4-4D87-8F5A-36DD0ACCF0E3}.AppStore|Any CPU.Build.0 = Release|x86
		{3615D7E9-77C4-4D87-8F5A-36DD0ACCF0E3}.AppStore|Any CPU.Deploy.0 = Release|x86
		{3615D7E9-77C4-4D87-8F5A-36DD0ACCF0E3}.AppStore|ARM.ActiveCfg = Release|ARM
		{3615D7E9-77C4-4D87-8F5A-36DD0ACCF0E3}.AppStore|ARM.Build.0 = Release|ARM
		{3615D7E9-77C4-4D87-8F5A-36DD0ACCF0E3}.AppStore|ARM.Deploy.0 = Release|ARM
		{3615D7E9-77C4-4D87-8F5A-36DD0ACCF0E3}.AppStore|iPhone.ActiveCfg = Release|x86
		{3615D7E9-77C4-4D87-8F5A-36DD0ACCF0E3}.AppStore|iPhone.Build.0 = Release|x86
		{3615D7E9-77C4-4D87-8F5A-36DD0ACCF0E3}.AppStore|iPhone.Deploy.0 = Release|x86
		{3615D7E9-77C4-4D87-8F5A-36DD0ACCF0E3}.AppStore|iPhoneSimulator.ActiveCfg = Release|x86
		{3615D7E9-77C4-4D87-8F5A-36DD0ACCF0E3}.AppStore|iPhoneSimulator.Build.0 = Release|x86
		{3615D7E9-77C4-4D87-8F5A-36DD0ACCF0E3}.AppStore|iPhoneSimulator.Deploy.0 = Release|x86
		{3615D7E9-77C4-4D87-8F5A-36DD0ACCF0E3}.AppStore|x64.ActiveCfg = Release|x64
		{3615D7E9-77C4-4D87-8F5A-36DD0ACCF0E3}.AppStore|x64.Build.0 = Release|x64
		{3615D7E9-77C4-4D87-8F5A-36DD0ACCF0E3}.AppStore|x64.Deploy.0 = Release|x64
		{3615D7E9-77C4-4D87-8F5A-36DD0ACCF0E3}.AppStore|x86.ActiveCfg = Release|x86
		{3615D7E9-77C4-4D87-8F5A-36DD0ACCF0E3}.AppStore|x86.Build.0 = Release|x86
		{3615D7E9-77C4-4D87-8F5A-36DD0ACCF0E3}.AppStore|x86.Deploy.0 = Release|x86
		{3615D7E9-77C4-4D87-8F5A-36DD0ACCF0E3}.Debug|Any CPU.ActiveCfg = Debug|x86
		{3615D7E9-77C4-4D87-8F5A-36DD0ACCF0E3}.Debug|ARM.ActiveCfg = Debug|ARM
		{3615D7E9-77C4-4D87-8F5A-36DD0ACCF0E3}.Debug|ARM.Build.0 = Debug|ARM
		{3615D7E9-77C4-4D87-8F5A-36DD0ACCF0E3}.Debug|ARM.Deploy.0 = Debug|ARM
		{3615D7E9-77C4-4D87-8F5A-36DD0ACCF0E3}.Debug|iPhone.ActiveCfg = Debug|x86
		{3615D7E9-77C4-4D87-8F5A-36DD0ACCF0E3}.Debug|iPhoneSimulator.ActiveCfg = Debug|x86
		{3615D7E9-77C4-4D87-8F5A-36DD0ACCF0E3}.Debug|x64.ActiveCfg = Debug|x64
		{3615D7E9-77C4-4D87-8F5A-36DD0ACCF0E3}.Debug|x64.Build.0 = Debug|x64
		{3615D7E9-77C4-4D87-8F5A-36DD0ACCF0E3}.Debug|x64.Deploy.0 = Debug|x64
		{3615D7E9-77C4-4D87-8F5A-36DD0ACCF0E3}.Debug|x86.ActiveCfg = Debug|x86
		{3615D7E9-77C4-4D87-8F5A-36DD0ACCF0E3}.Debug|x86.Build.0 = Debug|x86
		{3615D7E9-77C4-4D87-8F5A-36DD0ACCF0E3}.Debug|x86.Deploy.0 = Debug|x86
		{3615D7E9-77C4-4D87-8F5A-36DD0ACCF0E3}.Release|Any CPU.ActiveCfg = Release|x86
		{3615D7E9-77C4-4D87-8F5A-36DD0ACCF0E3}.Release|ARM.ActiveCfg = Release|ARM
		{3615D7E9-77C4-4D87-8F5A-36DD0ACCF0E3}.Release|ARM.Build.0 = Release|ARM
		{3615D7E9-77C4-4D87-8F5A-36DD0ACCF0E3}.Release|ARM.Deploy.0 = Release|ARM
		{3615D7E9-77C4-4D87-8F5A-36DD0ACCF0E3}.Release|iPhone.ActiveCfg = Release|x86
		{3615D7E9-77C4-4D87-8F5A-36DD0ACCF0E3}.Release|iPhoneSimulator.ActiveCfg = Release|x86
		{3615D7E9-77C4-4D87-8F5A-36DD0ACCF0E3}.Release|x64.ActiveCfg = Release|x64
		{3615D7E9-77C4-4D87-8F5A-36DD0ACCF0E3}.Release|x64.Build.0 = Release|x64
		{3615D7E9-77C4-4D87-8F5A-36DD0ACCF0E3}.Release|x64.Deploy.0 = Release|x64
		{3615D7E9-77C4-4D87-8F5A-36DD0ACCF0E3}.Release|x86.ActiveCfg = Release|x86
		{3615D7E9-77C4-4D87-8F5A-36DD0ACCF0E3}.Release|x86.Build.0 = Release|x86
		{3615D7E9-77C4-4D87-8F5A-36DD0ACCF0E3}.Release|x86.Deploy.0 = Release|x86
		{1DE6E78E-EBEB-4268-AFDC-D5074D71F86A}.Ad-Hoc|Any CPU.ActiveCfg = Release|Any CPU
		{1DE6E78E-EBEB-4268-AFDC-D5074D71F86A}.Ad-Hoc|Any CPU.Build.0 = Release|Any CPU
		{1DE6E78E-EBEB-4268-AFDC-D5074D71F86A}.Ad-Hoc|ARM.ActiveCfg = Release|Any CPU
		{1DE6E78E-EBEB-4268-AFDC-D5074D71F86A}.Ad-Hoc|ARM.Build.0 = Release|Any CPU
		{1DE6E78E-EBEB-4268-AFDC-D5074D71F86A}.Ad-Hoc|iPhone.ActiveCfg = Release|Any CPU
		{1DE6E78E-EBEB-4268-AFDC-D5074D71F86A}.Ad-Hoc|iPhone.Build.0 = Release|Any CPU
		{1DE6E78E-EBEB-4268-AFDC-D5074D71F86A}.Ad-Hoc|iPhoneSimulator.ActiveCfg = Release|Any CPU
		{1DE6E78E-EBEB-4268-AFDC-D5074D71F86A}.Ad-Hoc|iPhoneSimulator.Build.0 = Release|Any CPU
		{1DE6E78E-EBEB-4268-AFDC-D5074D71F86A}.Ad-Hoc|x64.ActiveCfg = Release|Any CPU
		{1DE6E78E-EBEB-4268-AFDC-D5074D71F86A}.Ad-Hoc|x64.Build.0 = Release|Any CPU
		{1DE6E78E-EBEB-4268-AFDC-D5074D71F86A}.Ad-Hoc|x86.ActiveCfg = Release|Any CPU
		{1DE6E78E-EBEB-4268-AFDC-D5074D71F86A}.Ad-Hoc|x86.Build.0 = Release|Any CPU
		{1DE6E78E-EBEB-4268-AFDC-D5074D71F86A}.AppStore|Any CPU.ActiveCfg = Release|Any CPU
		{1DE6E78E-EBEB-4268-AFDC-D5074D71F86A}.AppStore|Any CPU.Build.0 = Release|Any CPU
		{1DE6E78E-EBEB-4268-AFDC-D5074D71F86A}.AppStore|ARM.ActiveCfg = Release|Any CPU
		{1DE6E78E-EBEB-4268-AFDC-D5074D71F86A}.AppStore|ARM.Build.0 = Release|Any CPU
		{1DE6E78E-EBEB-4268-AFDC-D5074D71F86A}.AppStore|iPhone.ActiveCfg = Release|Any CPU
		{1DE6E78E-EBEB-4268-AFDC-D5074D71F86A}.AppStore|iPhone.Build.0 = Release|Any CPU
		{1DE6E78E-EBEB-4268-AFDC-D5074D71F86A}.AppStore|iPhoneSimulator.ActiveCfg = Release|Any CPU
		{1DE6E78E-EBEB-4268-AFDC-D5074D71F86A}.AppStore|iPhoneSimulator.Build.0 = Release|Any CPU
		{1DE6E78E-EBEB-4268-AFDC-D5074D71F86A}.AppStore|x64.ActiveCfg = Release|Any CPU
		{1DE6E78E-EBEB-4268-AFDC-D5074D71F86A}.AppStore|x64.Build.0 = Release|Any CPU
		{1DE6E78E-EBEB-4268-AFDC-D5074D71F86A}.AppStore|x86.ActiveCfg = Release|Any CPU
		{1DE6E78E-EBEB-4268-AFDC-D5074D71F86A}.AppStore|x86.Build.0 = Release|Any CPU
		{1DE6E78E-EBEB-4268-AFDC-D5074D71F86A}.Debug|Any CPU.ActiveCfg = Debug|Any CPU
		{1DE6E78E-EBEB-4268-AFDC-D5074D71F86A}.Debug|Any CPU.Build.0 = Debug|Any CPU
		{1DE6E78E-EBEB-4268-AFDC-D5074D71F86A}.Debug|ARM.ActiveCfg = Debug|Any CPU
		{1DE6E78E-EBEB-4268-AFDC-D5074D71F86A}.Debug|ARM.Build.0 = Debug|Any CPU
		{1DE6E78E-EBEB-4268-AFDC-D5074D71F86A}.Debug|iPhone.ActiveCfg = Debug|Any CPU
		{1DE6E78E-EBEB-4268-AFDC-D5074D71F86A}.Debug|iPhone.Build.0 = Debug|Any CPU
		{1DE6E78E-EBEB-4268-AFDC-D5074D71F86A}.Debug|iPhoneSimulator.ActiveCfg = Debug|Any CPU
		{1DE6E78E-EBEB-4268-AFDC-D5074D71F86A}.Debug|iPhoneSimulator.Build.0 = Debug|Any CPU
		{1DE6E78E-EBEB-4268-AFDC-D5074D71F86A}.Debug|x64.ActiveCfg = Debug|Any CPU
		{1DE6E78E-EBEB-4268-AFDC-D5074D71F86A}.Debug|x64.Build.0 = Debug|Any CPU
		{1DE6E78E-EBEB-4268-AFDC-D5074D71F86A}.Debug|x86.ActiveCfg = Debug|Any CPU
		{1DE6E78E-EBEB-4268-AFDC-D5074D71F86A}.Debug|x86.Build.0 = Debug|Any CPU
		{1DE6E78E-EBEB-4268-AFDC-D5074D71F86A}.Release|Any CPU.ActiveCfg = Release|Any CPU
		{1DE6E78E-EBEB-4268-AFDC-D5074D71F86A}.Release|Any CPU.Build.0 = Release|Any CPU
		{1DE6E78E-EBEB-4268-AFDC-D5074D71F86A}.Release|ARM.ActiveCfg = Release|Any CPU
		{1DE6E78E-EBEB-4268-AFDC-D5074D71F86A}.Release|ARM.Build.0 = Release|Any CPU
		{1DE6E78E-EBEB-4268-AFDC-D5074D71F86A}.Release|iPhone.ActiveCfg = Release|Any CPU
		{1DE6E78E-EBEB-4268-AFDC-D5074D71F86A}.Release|iPhone.Build.0 = Release|Any CPU
		{1DE6E78E-EBEB-4268-AFDC-D5074D71F86A}.Release|iPhoneSimulator.ActiveCfg = Release|Any CPU
		{1DE6E78E-EBEB-4268-AFDC-D5074D71F86A}.Release|iPhoneSimulator.Build.0 = Release|Any CPU
		{1DE6E78E-EBEB-4268-AFDC-D5074D71F86A}.Release|x64.ActiveCfg = Release|Any CPU
		{1DE6E78E-EBEB-4268-AFDC-D5074D71F86A}.Release|x64.Build.0 = Release|Any CPU
		{1DE6E78E-EBEB-4268-AFDC-D5074D71F86A}.Release|x86.ActiveCfg = Release|Any CPU
		{1DE6E78E-EBEB-4268-AFDC-D5074D71F86A}.Release|x86.Build.0 = Release|Any CPU
	EndGlobalSection
	GlobalSection(SolutionProperties) = preSolution
		HideSolutionNode = FALSE
	EndGlobalSection
EndGlobal
