
Microsoft Visual Studio Solution File, Format Version 12.00
# Visual Studio 14
VisualStudioVersion = 14.0.24720.0
MinimumVisualStudioVersion = 10.0.40219.1
Project("{FAE04EC0-301F-11D3-BF4B-00C04F79EFBC}") = "PlatformSettings.Droid", "PlatformSettings\PlatformSettings.Droid\PlatformSettings.Droid.csproj", "{3508C221-0A64-4A29-9868-6B8F28BD87A9}"
EndProject
Project("{FAE04EC0-301F-11D3-BF4B-00C04F79EFBC}") = "PlatformSettings.iOS", "PlatformSettings\PlatformSettings.iOS\PlatformSettings.iOS.csproj", "{BE22EAD0-91AF-49F0-9A70-1FF762C191CE}"
EndProject
Project("{FAE04EC0-301F-11D3-BF4B-00C04F79EFBC}") = "PlatformSettings.UWP", "PlatformSettings\PlatformSettings.UWP\PlatformSettings.UWP.csproj", "{AA67E637-2E37-4437-B91B-CC997863747B}"
EndProject
Project("{FAE04EC0-301F-11D3-BF4B-00C04F79EFBC}") = "PlatformSettings", "PlatformSettings\PlatformSettings\PlatformSettings.csproj", "{A7BE8546-7068-412D-8A99-DFE88E1823DC}"
EndProject
Global
	GlobalSection(SolutionConfigurationPlatforms) = preSolution
		Ad-Hoc|Any CPU = Ad-Hoc|Any CPU
		Ad-Hoc|ARM = Ad-Hoc|ARM
		Ad-Hoc|iPhone = Ad-Hoc|iPhone
		Ad-Hoc|iPhoneSimulator = Ad-Hoc|iPhoneSimulator
		Ad-Hoc|x64 = Ad-Hoc|x64
		Ad-Hoc|x86 = Ad-Hoc|x86
		AppStore|Any CPU = AppStore|Any CPU
		AppStore|ARM = AppStore|ARM
		AppStore|iPhone = AppStore|iPhone
		AppStore|iPhoneSimulator = AppStore|iPhoneSimulator
		AppStore|x64 = AppStore|x64
		AppStore|x86 = AppStore|x86
		Debug|Any CPU = Debug|Any CPU
		Debug|ARM = Debug|ARM
		Debug|iPhone = Debug|iPhone
		Debug|iPhoneSimulator = Debug|iPhoneSimulator
		Debug|x64 = Debug|x64
		Debug|x86 = Debug|x86
		Release|Any CPU = Release|Any CPU
		Release|ARM = Release|ARM
		Release|iPhone = Release|iPhone
		Release|iPhoneSimulator = Release|iPhoneSimulator
		Release|x64 = Release|x64
		Release|x86 = Release|x86
	EndGlobalSection
	GlobalSection(ProjectConfigurationPlatforms) = postSolution
		{3508C221-0A64-4A29-9868-6B8F28BD87A9}.Ad-Hoc|Any CPU.ActiveCfg = Release|Any CPU
		{3508C221-0A64-4A29-9868-6B8F28BD87A9}.Ad-Hoc|Any CPU.Build.0 = Release|Any CPU
		{3508C221-0A64-4A29-9868-6B8F28BD87A9}.Ad-Hoc|Any CPU.Deploy.0 = Release|Any CPU
		{3508C221-0A64-4A29-9868-6B8F28BD87A9}.Ad-Hoc|ARM.ActiveCfg = Release|Any CPU
		{3508C221-0A64-4A29-9868-6B8F28BD87A9}.Ad-Hoc|ARM.Build.0 = Release|Any CPU
		{3508C221-0A64-4A29-9868-6B8F28BD87A9}.Ad-Hoc|ARM.Deploy.0 = Release|Any CPU
		{3508C221-0A64-4A29-9868-6B8F28BD87A9}.Ad-Hoc|iPhone.ActiveCfg = Release|Any CPU
		{3508C221-0A64-4A29-9868-6B8F28BD87A9}.Ad-Hoc|iPhone.Build.0 = Release|Any CPU
		{3508C221-0A64-4A29-9868-6B8F28BD87A9}.Ad-Hoc|iPhone.Deploy.0 = Release|Any CPU
		{3508C221-0A64-4A29-9868-6B8F28BD87A9}.Ad-Hoc|iPhoneSimulator.ActiveCfg = Release|Any CPU
		{3508C221-0A64-4A29-9868-6B8F28BD87A9}.Ad-Hoc|iPhoneSimulator.Build.0 = Release|Any CPU
		{3508C221-0A64-4A29-9868-6B8F28BD87A9}.Ad-Hoc|iPhoneSimulator.Deploy.0 = Release|Any CPU
		{3508C221-0A64-4A29-9868-6B8F28BD87A9}.Ad-Hoc|x64.ActiveCfg = Release|Any CPU
		{3508C221-0A64-4A29-9868-6B8F28BD87A9}.Ad-Hoc|x64.Build.0 = Release|Any CPU
		{3508C221-0A64-4A29-9868-6B8F28BD87A9}.Ad-Hoc|x64.Deploy.0 = Release|Any CPU
		{3508C221-0A64-4A29-9868-6B8F28BD87A9}.Ad-Hoc|x86.ActiveCfg = Release|Any CPU
		{3508C221-0A64-4A29-9868-6B8F28BD87A9}.Ad-Hoc|x86.Build.0 = Release|Any CPU
		{3508C221-0A64-4A29-9868-6B8F28BD87A9}.Ad-Hoc|x86.Deploy.0 = Release|Any CPU
		{3508C221-0A64-4A29-9868-6B8F28BD87A9}.AppStore|Any CPU.ActiveCfg = Release|Any CPU
		{3508C221-0A64-4A29-9868-6B8F28BD87A9}.AppStore|Any CPU.Build.0 = Release|Any CPU
		{3508C221-0A64-4A29-9868-6B8F28BD87A9}.AppStore|Any CPU.Deploy.0 = Release|Any CPU
		{3508C221-0A64-4A29-9868-6B8F28BD87A9}.AppStore|ARM.ActiveCfg = Release|Any CPU
		{3508C221-0A64-4A29-9868-6B8F28BD87A9}.AppStore|ARM.Build.0 = Release|Any CPU
		{3508C221-0A64-4A29-9868-6B8F28BD87A9}.AppStore|ARM.Deploy.0 = Release|Any CPU
		{3508C221-0A64-4A29-9868-6B8F28BD87A9}.AppStore|iPhone.ActiveCfg = Release|Any CPU
		{3508C221-0A64-4A29-9868-6B8F28BD87A9}.AppStore|iPhone.Build.0 = Release|Any CPU
		{3508C221-0A64-4A29-9868-6B8F28BD87A9}.AppStore|iPhone.Deploy.0 = Release|Any CPU
		{3508C221-0A64-4A29-9868-6B8F28BD87A9}.AppStore|iPhoneSimulator.ActiveCfg = Release|Any CPU
		{3508C221-0A64-4A29-9868-6B8F28BD87A9}.AppStore|iPhoneSimulator.Build.0 = Release|Any CPU
		{3508C221-0A64-4A29-9868-6B8F28BD87A9}.AppStore|iPhoneSimulator.Deploy.0 = Release|Any CPU
		{3508C221-0A64-4A29-9868-6B8F28BD87A9}.AppStore|x64.ActiveCfg = Release|Any CPU
		{3508C221-0A64-4A29-9868-6B8F28BD87A9}.AppStore|x64.Build.0 = Release|Any CPU
		{3508C221-0A64-4A29-9868-6B8F28BD87A9}.AppStore|x64.Deploy.0 = Release|Any CPU
		{3508C221-0A64-4A29-9868-6B8F28BD87A9}.AppStore|x86.ActiveCfg = Release|Any CPU
		{3508C221-0A64-4A29-9868-6B8F28BD87A9}.AppStore|x86.Build.0 = Release|Any CPU
		{3508C221-0A64-4A29-9868-6B8F28BD87A9}.AppStore|x86.Deploy.0 = Release|Any CPU
		{3508C221-0A64-4A29-9868-6B8F28BD87A9}.Debug|Any CPU.ActiveCfg = Debug|Any CPU
		{3508C221-0A64-4A29-9868-6B8F28BD87A9}.Debug|Any CPU.Build.0 = Debug|Any CPU
		{3508C221-0A64-4A29-9868-6B8F28BD87A9}.Debug|Any CPU.Deploy.0 = Debug|Any CPU
		{3508C221-0A64-4A29-9868-6B8F28BD87A9}.Debug|ARM.ActiveCfg = Debug|Any CPU
		{3508C221-0A64-4A29-9868-6B8F28BD87A9}.Debug|ARM.Build.0 = Debug|Any CPU
		{3508C221-0A64-4A29-9868-6B8F28BD87A9}.Debug|ARM.Deploy.0 = Debug|Any CPU
		{3508C221-0A64-4A29-9868-6B8F28BD87A9}.Debug|iPhone.ActiveCfg = Debug|Any CPU
		{3508C221-0A64-4A29-9868-6B8F28BD87A9}.Debug|iPhone.Build.0 = Debug|Any CPU
		{3508C221-0A64-4A29-9868-6B8F28BD87A9}.Debug|iPhone.Deploy.0 = Debug|Any CPU
		{3508C221-0A64-4A29-9868-6B8F28BD87A9}.Debug|iPhoneSimulator.ActiveCfg = Debug|Any CPU
		{3508C221-0A64-4A29-9868-6B8F28BD87A9}.Debug|iPhoneSimulator.Build.0 = Debug|Any CPU
		{3508C221-0A64-4A29-9868-6B8F28BD87A9}.Debug|iPhoneSimulator.Deploy.0 = Debug|Any CPU
		{3508C221-0A64-4A29-9868-6B8F28BD87A9}.Debug|x64.ActiveCfg = Debug|Any CPU
		{3508C221-0A64-4A29-9868-6B8F28BD87A9}.Debug|x64.Build.0 = Debug|Any CPU
		{3508C221-0A64-4A29-9868-6B8F28BD87A9}.Debug|x64.Deploy.0 = Debug|Any CPU
		{3508C221-0A64-4A29-9868-6B8F28BD87A9}.Debug|x86.ActiveCfg = Debug|Any CPU
		{3508C221-0A64-4A29-9868-6B8F28BD87A9}.Debug|x86.Build.0 = Debug|Any CPU
		{3508C221-0A64-4A29-9868-6B8F28BD87A9}.Debug|x86.Deploy.0 = Debug|Any CPU
		{3508C221-0A64-4A29-9868-6B8F28BD87A9}.Release|Any CPU.ActiveCfg = Release|Any CPU
		{3508C221-0A64-4A29-9868-6B8F28BD87A9}.Release|Any CPU.Build.0 = Release|Any CPU
		{3508C221-0A64-4A29-9868-6B8F28BD87A9}.Release|Any CPU.Deploy.0 = Release|Any CPU
		{3508C221-0A64-4A29-9868-6B8F28BD87A9}.Release|ARM.ActiveCfg = Release|Any CPU
		{3508C221-0A64-4A29-9868-6B8F28BD87A9}.Release|ARM.Build.0 = Release|Any CPU
		{3508C221-0A64-4A29-9868-6B8F28BD87A9}.Release|ARM.Deploy.0 = Release|Any CPU
		{3508C221-0A64-4A29-9868-6B8F28BD87A9}.Release|iPhone.ActiveCfg = Release|Any CPU
		{3508C221-0A64-4A29-9868-6B8F28BD87A9}.Release|iPhone.Build.0 = Release|Any CPU
		{3508C221-0A64-4A29-9868-6B8F28BD87A9}.Release|iPhone.Deploy.0 = Release|Any CPU
		{3508C221-0A64-4A29-9868-6B8F28BD87A9}.Release|iPhoneSimulator.ActiveCfg = Release|Any CPU
		{3508C221-0A64-4A29-9868-6B8F28BD87A9}.Release|iPhoneSimulator.Build.0 = Release|Any CPU
		{3508C221-0A64-4A29-9868-6B8F28BD87A9}.Release|iPhoneSimulator.Deploy.0 = Release|Any CPU
		{3508C221-0A64-4A29-9868-6B8F28BD87A9}.Release|x64.ActiveCfg = Release|Any CPU
		{3508C221-0A64-4A29-9868-6B8F28BD87A9}.Release|x64.Build.0 = Release|Any CPU
		{3508C221-0A64-4A29-9868-6B8F28BD87A9}.Release|x64.Deploy.0 = Release|Any CPU
		{3508C221-0A64-4A29-9868-6B8F28BD87A9}.Release|x86.ActiveCfg = Release|Any CPU
		{3508C221-0A64-4A29-9868-6B8F28BD87A9}.Release|x86.Build.0 = Release|Any CPU
		{3508C221-0A64-4A29-9868-6B8F28BD87A9}.Release|x86.Deploy.0 = Release|Any CPU
		{BE22EAD0-91AF-49F0-9A70-1FF762C191CE}.Ad-Hoc|Any CPU.ActiveCfg = Ad-Hoc|iPhone
		{BE22EAD0-91AF-49F0-9A70-1FF762C191CE}.Ad-Hoc|ARM.ActiveCfg = Ad-Hoc|iPhone
		{BE22EAD0-91AF-49F0-9A70-1FF762C191CE}.Ad-Hoc|iPhone.ActiveCfg = Ad-Hoc|iPhone
		{BE22EAD0-91AF-49F0-9A70-1FF762C191CE}.Ad-Hoc|iPhone.Build.0 = Ad-Hoc|iPhone
		{BE22EAD0-91AF-49F0-9A70-1FF762C191CE}.Ad-Hoc|iPhoneSimulator.ActiveCfg = Ad-Hoc|iPhoneSimulator
		{BE22EAD0-91AF-49F0-9A70-1FF762C191CE}.Ad-Hoc|iPhoneSimulator.Build.0 = Ad-Hoc|iPhoneSimulator
		{BE22EAD0-91AF-49F0-9A70-1FF762C191CE}.Ad-Hoc|x64.ActiveCfg = Ad-Hoc|iPhone
		{BE22EAD0-91AF-49F0-9A70-1FF762C191CE}.Ad-Hoc|x86.ActiveCfg = Ad-Hoc|iPhone
		{BE22EAD0-91AF-49F0-9A70-1FF762C191CE}.AppStore|Any CPU.ActiveCfg = AppStore|iPhone
		{BE22EAD0-91AF-49F0-9A70-1FF762C191CE}.AppStore|ARM.ActiveCfg = AppStore|iPhone
		{BE22EAD0-91AF-49F0-9A70-1FF762C191CE}.AppStore|iPhone.ActiveCfg = AppStore|iPhone
		{BE22EAD0-91AF-49F0-9A70-1FF762C191CE}.AppStore|iPhone.Build.0 = AppStore|iPhone
		{BE22EAD0-91AF-49F0-9A70-1FF762C191CE}.AppStore|iPhoneSimulator.ActiveCfg = AppStore|iPhoneSimulator
		{BE22EAD0-91AF-49F0-9A70-1FF762C191CE}.AppStore|iPhoneSimulator.Build.0 = AppStore|iPhoneSimulator
		{BE22EAD0-91AF-49F0-9A70-1FF762C191CE}.AppStore|x64.ActiveCfg = AppStore|iPhone
		{BE22EAD0-91AF-49F0-9A70-1FF762C191CE}.AppStore|x86.ActiveCfg = AppStore|iPhone
		{BE22EAD0-91AF-49F0-9A70-1FF762C191CE}.Debug|Any CPU.ActiveCfg = Debug|iPhone
		{BE22EAD0-91AF-49F0-9A70-1FF762C191CE}.Debug|ARM.ActiveCfg = Debug|iPhone
		{BE22EAD0-91AF-49F0-9A70-1FF762C191CE}.Debug|iPhone.ActiveCfg = Debug|iPhone
		{BE22EAD0-91AF-49F0-9A70-1FF762C191CE}.Debug|iPhone.Build.0 = Debug|iPhone
		{BE22EAD0-91AF-49F0-9A70-1FF762C191CE}.Debug|iPhoneSimulator.ActiveCfg = Debug|iPhoneSimulator
		{BE22EAD0-91AF-49F0-9A70-1FF762C191CE}.Debug|iPhoneSimulator.Build.0 = Debug|iPhoneSimulator
		{BE22EAD0-91AF-49F0-9A70-1FF762C191CE}.Debug|x64.ActiveCfg = Debug|iPhone
		{BE22EAD0-91AF-49F0-9A70-1FF762C191CE}.Debug|x86.ActiveCfg = Debug|iPhone
		{BE22EAD0-91AF-49F0-9A70-1FF762C191CE}.Release|Any CPU.ActiveCfg = Release|iPhone
		{BE22EAD0-91AF-49F0-9A70-1FF762C191CE}.Release|ARM.ActiveCfg = Release|iPhone
		{BE22EAD0-91AF-49F0-9A70-1FF762C191CE}.Release|iPhone.ActiveCfg = Release|iPhone
		{BE22EAD0-91AF-49F0-9A70-1FF762C191CE}.Release|iPhone.Build.0 = Release|iPhone
		{BE22EAD0-91AF-49F0-9A70-1FF762C191CE}.Release|iPhoneSimulator.ActiveCfg = Release|iPhoneSimulator
		{BE22EAD0-91AF-49F0-9A70-1FF762C191CE}.Release|iPhoneSimulator.Build.0 = Release|iPhoneSimulator
		{BE22EAD0-91AF-49F0-9A70-1FF762C191CE}.Release|x64.ActiveCfg = Release|iPhone
		{BE22EAD0-91AF-49F0-9A70-1FF762C191CE}.Release|x86.ActiveCfg = Release|iPhone
		{AA67E637-2E37-4437-B91B-CC997863747B}.Ad-Hoc|Any CPU.ActiveCfg = Release|x86
		{AA67E637-2E37-4437-B91B-CC997863747B}.Ad-Hoc|Any CPU.Build.0 = Release|x86
		{AA67E637-2E37-4437-B91B-CC997863747B}.Ad-Hoc|Any CPU.Deploy.0 = Release|x86
		{AA67E637-2E37-4437-B91B-CC997863747B}.Ad-Hoc|ARM.ActiveCfg = Release|ARM
		{AA67E637-2E37-4437-B91B-CC997863747B}.Ad-Hoc|ARM.Build.0 = Release|ARM
		{AA67E637-2E37-4437-B91B-CC997863747B}.Ad-Hoc|ARM.Deploy.0 = Release|ARM
		{AA67E637-2E37-4437-B91B-CC997863747B}.Ad-Hoc|iPhone.ActiveCfg = Release|x86
		{AA67E637-2E37-4437-B91B-CC997863747B}.Ad-Hoc|iPhone.Build.0 = Release|x86
		{AA67E637-2E37-4437-B91B-CC997863747B}.Ad-Hoc|iPhone.Deploy.0 = Release|x86
		{AA67E637-2E37-4437-B91B-CC997863747B}.Ad-Hoc|iPhoneSimulator.ActiveCfg = Release|x86
		{AA67E637-2E37-4437-B91B-CC997863747B}.Ad-Hoc|iPhoneSimulator.Build.0 = Release|x86
		{AA67E637-2E37-4437-B91B-CC997863747B}.Ad-Hoc|iPhoneSimulator.Deploy.0 = Release|x86
		{AA67E637-2E37-4437-B91B-CC997863747B}.Ad-Hoc|x64.ActiveCfg = Release|x64
		{AA67E637-2E37-4437-B91B-CC997863747B}.Ad-Hoc|x64.Build.0 = Release|x64
		{AA67E637-2E37-4437-B91B-CC997863747B}.Ad-Hoc|x64.Deploy.0 = Release|x64
		{AA67E637-2E37-4437-B91B-CC997863747B}.Ad-Hoc|x86.ActiveCfg = Release|x86
		{AA67E637-2E37-4437-B91B-CC997863747B}.Ad-Hoc|x86.Build.0 = Release|x86
		{AA67E637-2E37-4437-B91B-CC997863747B}.Ad-Hoc|x86.Deploy.0 = Release|x86
		{AA67E637-2E37-4437-B91B-CC997863747B}.AppStore|Any CPU.ActiveCfg = Release|x86
		{AA67E637-2E37-4437-B91B-CC997863747B}.AppStore|Any CPU.Build.0 = Release|x86
		{AA67E637-2E37-4437-B91B-CC997863747B}.AppStore|Any CPU.Deploy.0 = Release|x86
		{AA67E637-2E37-4437-B91B-CC997863747B}.AppStore|ARM.ActiveCfg = Release|ARM
		{AA67E637-2E37-4437-B91B-CC997863747B}.AppStore|ARM.Build.0 = Release|ARM
		{AA67E637-2E37-4437-B91B-CC997863747B}.AppStore|ARM.Deploy.0 = Release|ARM
		{AA67E637-2E37-4437-B91B-CC997863747B}.AppStore|iPhone.ActiveCfg = Release|x86
		{AA67E637-2E37-4437-B91B-CC997863747B}.AppStore|iPhone.Build.0 = Release|x86
		{AA67E637-2E37-4437-B91B-CC997863747B}.AppStore|iPhone.Deploy.0 = Release|x86
		{AA67E637-2E37-4437-B91B-CC997863747B}.AppStore|iPhoneSimulator.ActiveCfg = Release|x86
		{AA67E637-2E37-4437-B91B-CC997863747B}.AppStore|iPhoneSimulator.Build.0 = Release|x86
		{AA67E637-2E37-4437-B91B-CC997863747B}.AppStore|iPhoneSimulator.Deploy.0 = Release|x86
		{AA67E637-2E37-4437-B91B-CC997863747B}.AppStore|x64.ActiveCfg = Release|x64
		{AA67E637-2E37-4437-B91B-CC997863747B}.AppStore|x64.Build.0 = Release|x64
		{AA67E637-2E37-4437-B91B-CC997863747B}.AppStore|x64.Deploy.0 = Release|x64
		{AA67E637-2E37-4437-B91B-CC997863747B}.AppStore|x86.ActiveCfg = Release|x86
		{AA67E637-2E37-4437-B91B-CC997863747B}.AppStore|x86.Build.0 = Release|x86
		{AA67E637-2E37-4437-B91B-CC997863747B}.AppStore|x86.Deploy.0 = Release|x86
		{AA67E637-2E37-4437-B91B-CC997863747B}.Debug|Any CPU.ActiveCfg = Debug|x86
		{AA67E637-2E37-4437-B91B-CC997863747B}.Debug|ARM.ActiveCfg = Debug|ARM
		{AA67E637-2E37-4437-B91B-CC997863747B}.Debug|ARM.Build.0 = Debug|ARM
		{AA67E637-2E37-4437-B91B-CC997863747B}.Debug|ARM.Deploy.0 = Debug|ARM
		{AA67E637-2E37-4437-B91B-CC997863747B}.Debug|iPhone.ActiveCfg = Debug|x86
		{AA67E637-2E37-4437-B91B-CC997863747B}.Debug|iPhoneSimulator.ActiveCfg = Debug|x86
		{AA67E637-2E37-4437-B91B-CC997863747B}.Debug|x64.ActiveCfg = Debug|x64
		{AA67E637-2E37-4437-B91B-CC997863747B}.Debug|x64.Build.0 = Debug|x64
		{AA67E637-2E37-4437-B91B-CC997863747B}.Debug|x64.Deploy.0 = Debug|x64
		{AA67E637-2E37-4437-B91B-CC997863747B}.Debug|x86.ActiveCfg = Debug|x86
		{AA67E637-2E37-4437-B91B-CC997863747B}.Debug|x86.Build.0 = Debug|x86
		{AA67E637-2E37-4437-B91B-CC997863747B}.Debug|x86.Deploy.0 = Debug|x86
		{AA67E637-2E37-4437-B91B-CC997863747B}.Release|Any CPU.ActiveCfg = Release|x86
		{AA67E637-2E37-4437-B91B-CC997863747B}.Release|ARM.ActiveCfg = Release|ARM
		{AA67E637-2E37-4437-B91B-CC997863747B}.Release|ARM.Build.0 = Release|ARM
		{AA67E637-2E37-4437-B91B-CC997863747B}.Release|ARM.Deploy.0 = Release|ARM
		{AA67E637-2E37-4437-B91B-CC997863747B}.Release|iPhone.ActiveCfg = Release|x86
		{AA67E637-2E37-4437-B91B-CC997863747B}.Release|iPhoneSimulator.ActiveCfg = Release|x86
		{AA67E637-2E37-4437-B91B-CC997863747B}.Release|x64.ActiveCfg = Release|x64
		{AA67E637-2E37-4437-B91B-CC997863747B}.Release|x64.Build.0 = Release|x64
		{AA67E637-2E37-4437-B91B-CC997863747B}.Release|x64.Deploy.0 = Release|x64
		{AA67E637-2E37-4437-B91B-CC997863747B}.Release|x86.ActiveCfg = Release|x86
		{AA67E637-2E37-4437-B91B-CC997863747B}.Release|x86.Build.0 = Release|x86
		{AA67E637-2E37-4437-B91B-CC997863747B}.Release|x86.Deploy.0 = Release|x86
		{A7BE8546-7068-412D-8A99-DFE88E1823DC}.Ad-Hoc|Any CPU.ActiveCfg = Release|Any CPU
		{A7BE8546-7068-412D-8A99-DFE88E1823DC}.Ad-Hoc|Any CPU.Build.0 = Release|Any CPU
		{A7BE8546-7068-412D-8A99-DFE88E1823DC}.Ad-Hoc|ARM.ActiveCfg = Release|Any CPU
		{A7BE8546-7068-412D-8A99-DFE88E1823DC}.Ad-Hoc|ARM.Build.0 = Release|Any CPU
		{A7BE8546-7068-412D-8A99-DFE88E1823DC}.Ad-Hoc|iPhone.ActiveCfg = Release|Any CPU
		{A7BE8546-7068-412D-8A99-DFE88E1823DC}.Ad-Hoc|iPhone.Build.0 = Release|Any CPU
		{A7BE8546-7068-412D-8A99-DFE88E1823DC}.Ad-Hoc|iPhoneSimulator.ActiveCfg = Release|Any CPU
		{A7BE8546-7068-412D-8A99-DFE88E1823DC}.Ad-Hoc|iPhoneSimulator.Build.0 = Release|Any CPU
		{A7BE8546-7068-412D-8A99-DFE88E1823DC}.Ad-Hoc|x64.ActiveCfg = Release|Any CPU
		{A7BE8546-7068-412D-8A99-DFE88E1823DC}.Ad-Hoc|x64.Build.0 = Release|Any CPU
		{A7BE8546-7068-412D-8A99-DFE88E1823DC}.Ad-Hoc|x86.ActiveCfg = Release|Any CPU
		{A7BE8546-7068-412D-8A99-DFE88E1823DC}.Ad-Hoc|x86.Build.0 = Release|Any CPU
		{A7BE8546-7068-412D-8A99-DFE88E1823DC}.AppStore|Any CPU.ActiveCfg = Release|Any CPU
		{A7BE8546-7068-412D-8A99-DFE88E1823DC}.AppStore|Any CPU.Build.0 = Release|Any CPU
		{A7BE8546-7068-412D-8A99-DFE88E1823DC}.AppStore|ARM.ActiveCfg = Release|Any CPU
		{A7BE8546-7068-412D-8A99-DFE88E1823DC}.AppStore|ARM.Build.0 = Release|Any CPU
		{A7BE8546-7068-412D-8A99-DFE88E1823DC}.AppStore|iPhone.ActiveCfg = Release|Any CPU
		{A7BE8546-7068-412D-8A99-DFE88E1823DC}.AppStore|iPhone.Build.0 = Release|Any CPU
		{A7BE8546-7068-412D-8A99-DFE88E1823DC}.AppStore|iPhoneSimulator.ActiveCfg = Release|Any CPU
		{A7BE8546-7068-412D-8A99-DFE88E1823DC}.AppStore|iPhoneSimulator.Build.0 = Release|Any CPU
		{A7BE8546-7068-412D-8A99-DFE88E1823DC}.AppStore|x64.ActiveCfg = Release|Any CPU
		{A7BE8546-7068-412D-8A99-DFE88E1823DC}.AppStore|x64.Build.0 = Release|Any CPU
		{A7BE8546-7068-412D-8A99-DFE88E1823DC}.AppStore|x86.ActiveCfg = Release|Any CPU
		{A7BE8546-7068-412D-8A99-DFE88E1823DC}.AppStore|x86.Build.0 = Release|Any CPU
		{A7BE8546-7068-412D-8A99-DFE88E1823DC}.Debug|Any CPU.ActiveCfg = Debug|Any CPU
		{A7BE8546-7068-412D-8A99-DFE88E1823DC}.Debug|Any CPU.Build.0 = Debug|Any CPU
		{A7BE8546-7068-412D-8A99-DFE88E1823DC}.Debug|ARM.ActiveCfg = Debug|Any CPU
		{A7BE8546-7068-412D-8A99-DFE88E1823DC}.Debug|ARM.Build.0 = Debug|Any CPU
		{A7BE8546-7068-412D-8A99-DFE88E1823DC}.Debug|iPhone.ActiveCfg = Debug|Any CPU
		{A7BE8546-7068-412D-8A99-DFE88E1823DC}.Debug|iPhone.Build.0 = Debug|Any CPU
		{A7BE8546-7068-412D-8A99-DFE88E1823DC}.Debug|iPhoneSimulator.ActiveCfg = Debug|Any CPU
		{A7BE8546-7068-412D-8A99-DFE88E1823DC}.Debug|iPhoneSimulator.Build.0 = Debug|Any CPU
		{A7BE8546-7068-412D-8A99-DFE88E1823DC}.Debug|x64.ActiveCfg = Debug|Any CPU
		{A7BE8546-7068-412D-8A99-DFE88E1823DC}.Debug|x64.Build.0 = Debug|Any CPU
		{A7BE8546-7068-412D-8A99-DFE88E1823DC}.Debug|x86.ActiveCfg = Debug|Any CPU
		{A7BE8546-7068-412D-8A99-DFE88E1823DC}.Debug|x86.Build.0 = Debug|Any CPU
		{A7BE8546-7068-412D-8A99-DFE88E1823DC}.Release|Any CPU.ActiveCfg = Release|Any CPU
		{A7BE8546-7068-412D-8A99-DFE88E1823DC}.Release|Any CPU.Build.0 = Release|Any CPU
		{A7BE8546-7068-412D-8A99-DFE88E1823DC}.Release|ARM.ActiveCfg = Release|Any CPU
		{A7BE8546-7068-412D-8A99-DFE88E1823DC}.Release|ARM.Build.0 = Release|Any CPU
		{A7BE8546-7068-412D-8A99-DFE88E1823DC}.Release|iPhone.ActiveCfg = Release|Any CPU
		{A7BE8546-7068-412D-8A99-DFE88E1823DC}.Release|iPhone.Build.0 = Release|Any CPU
		{A7BE8546-7068-412D-8A99-DFE88E1823DC}.Release|iPhoneSimulator.ActiveCfg = Release|Any CPU
		{A7BE8546-7068-412D-8A99-DFE88E1823DC}.Release|iPhoneSimulator.Build.0 = Release|Any CPU
		{A7BE8546-7068-412D-8A99-DFE88E1823DC}.Release|x64.ActiveCfg = Release|Any CPU
		{A7BE8546-7068-412D-8A99-DFE88E1823DC}.Release|x64.Build.0 = Release|Any CPU
		{A7BE8546-7068-412D-8A99-DFE88E1823DC}.Release|x86.ActiveCfg = Release|Any CPU
		{A7BE8546-7068-412D-8A99-DFE88E1823DC}.Release|x86.Build.0 = Release|Any CPU
	EndGlobalSection
	GlobalSection(SolutionProperties) = preSolution
		HideSolutionNode = FALSE
	EndGlobalSection
EndGlobal
