
Microsoft Visual Studio Solution File, Format Version 12.00
# Visual Studio 14
VisualStudioVersion = 14.0.24720.0
MinimumVisualStudioVersion = 10.0.40219.1
Project("{FAE04EC0-301F-11D3-BF4B-00C04F79EFBC}") = "WorkWithText.Droid", "WorkWithText\WorkWithText.Droid\WorkWithText.Droid.csproj", "{767610D1-4E56-4D46-A201-7D7FE3AAD7D6}"
EndProject
Project("{FAE04EC0-301F-11D3-BF4B-00C04F79EFBC}") = "WorkWithText.iOS", "WorkWithText\WorkWithText.iOS\WorkWithText.iOS.csproj", "{DDAB261C-6A90-48CF-8AC5-5612FEAE269A}"
EndProject
Project("{FAE04EC0-301F-11D3-BF4B-00C04F79EFBC}") = "WorkWithText.UWP", "WorkWithText\WorkWithText.UWP\WorkWithText.UWP.csproj", "{1063CA5F-CF9F-4DC8-B9FE-5BC8094B4609}"
EndProject
Project("{FAE04EC0-301F-11D3-BF4B-00C04F79EFBC}") = "WorkWithText", "WorkWithText\WorkWithText\WorkWithText.csproj", "{D33CF3C4-9F42-4170-81EB-BFA2E928F632}"
EndProject
Global
	GlobalSection(SolutionConfigurationPlatforms) = preSolution
		Ad-Hoc|Any CPU = Ad-Hoc|Any CPU
		Ad-Hoc|ARM = Ad-Hoc|ARM
		Ad-Hoc|iPhone = Ad-Hoc|iPhone
		Ad-Hoc|iPhoneSimulator = Ad-Hoc|iPhoneSimulator
		Ad-Hoc|x64 = Ad-Hoc|x64
		Ad-Hoc|x86 = Ad-Hoc|x86
		AppStore|Any CPU = AppStore|Any CPU
		AppStore|ARM = AppStore|ARM
		AppStore|iPhone = AppStore|iPhone
		AppStore|iPhoneSimulator = AppStore|iPhoneSimulator
		AppStore|x64 = AppStore|x64
		AppStore|x86 = AppStore|x86
		Debug|Any CPU = Debug|Any CPU
		Debug|ARM = Debug|ARM
		Debug|iPhone = Debug|iPhone
		Debug|iPhoneSimulator = Debug|iPhoneSimulator
		Debug|x64 = Debug|x64
		Debug|x86 = Debug|x86
		Release|Any CPU = Release|Any CPU
		Release|ARM = Release|ARM
		Release|iPhone = Release|iPhone
		Release|iPhoneSimulator = Release|iPhoneSimulator
		Release|x64 = Release|x64
		Release|x86 = Release|x86
	EndGlobalSection
	GlobalSection(ProjectConfigurationPlatforms) = postSolution
		{767610D1-4E56-4D46-A201-7D7FE3AAD7D6}.Ad-Hoc|Any CPU.ActiveCfg = Release|Any CPU
		{767610D1-4E56-4D46-A201-7D7FE3AAD7D6}.Ad-Hoc|Any CPU.Build.0 = Release|Any CPU
		{767610D1-4E56-4D46-A201-7D7FE3AAD7D6}.Ad-Hoc|Any CPU.Deploy.0 = Release|Any CPU
		{767610D1-4E56-4D46-A201-7D7FE3AAD7D6}.Ad-Hoc|ARM.ActiveCfg = Release|Any CPU
		{767610D1-4E56-4D46-A201-7D7FE3AAD7D6}.Ad-Hoc|ARM.Build.0 = Release|Any CPU
		{767610D1-4E56-4D46-A201-7D7FE3AAD7D6}.Ad-Hoc|ARM.Deploy.0 = Release|Any CPU
		{767610D1-4E56-4D46-A201-7D7FE3AAD7D6}.Ad-Hoc|iPhone.ActiveCfg = Release|Any CPU
		{767610D1-4E56-4D46-A201-7D7FE3AAD7D6}.Ad-Hoc|iPhone.Build.0 = Release|Any CPU
		{767610D1-4E56-4D46-A201-7D7FE3AAD7D6}.Ad-Hoc|iPhone.Deploy.0 = Release|Any CPU
		{767610D1-4E56-4D46-A201-7D7FE3AAD7D6}.Ad-Hoc|iPhoneSimulator.ActiveCfg = Release|Any CPU
		{767610D1-4E56-4D46-A201-7D7FE3AAD7D6}.Ad-Hoc|iPhoneSimulator.Build.0 = Release|Any CPU
		{767610D1-4E56-4D46-A201-7D7FE3AAD7D6}.Ad-Hoc|iPhoneSimulator.Deploy.0 = Release|Any CPU
		{767610D1-4E56-4D46-A201-7D7FE3AAD7D6}.Ad-Hoc|x64.ActiveCfg = Release|Any CPU
		{767610D1-4E56-4D46-A201-7D7FE3AAD7D6}.Ad-Hoc|x64.Build.0 = Release|Any CPU
		{767610D1-4E56-4D46-A201-7D7FE3AAD7D6}.Ad-Hoc|x64.Deploy.0 = Release|Any CPU
		{767610D1-4E56-4D46-A201-7D7FE3AAD7D6}.Ad-Hoc|x86.ActiveCfg = Release|Any CPU
		{767610D1-4E56-4D46-A201-7D7FE3AAD7D6}.Ad-Hoc|x86.Build.0 = Release|Any CPU
		{767610D1-4E56-4D46-A201-7D7FE3AAD7D6}.Ad-Hoc|x86.Deploy.0 = Release|Any CPU
		{767610D1-4E56-4D46-A201-7D7FE3AAD7D6}.AppStore|Any CPU.ActiveCfg = Release|Any CPU
		{767610D1-4E56-4D46-A201-7D7FE3AAD7D6}.AppStore|Any CPU.Build.0 = Release|Any CPU
		{767610D1-4E56-4D46-A201-7D7FE3AAD7D6}.AppStore|Any CPU.Deploy.0 = Release|Any CPU
		{767610D1-4E56-4D46-A201-7D7FE3AAD7D6}.AppStore|ARM.ActiveCfg = Release|Any CPU
		{767610D1-4E56-4D46-A201-7D7FE3AAD7D6}.AppStore|ARM.Build.0 = Release|Any CPU
		{767610D1-4E56-4D46-A201-7D7FE3AAD7D6}.AppStore|ARM.Deploy.0 = Release|Any CPU
		{767610D1-4E56-4D46-A201-7D7FE3AAD7D6}.AppStore|iPhone.ActiveCfg = Release|Any CPU
		{767610D1-4E56-4D46-A201-7D7FE3AAD7D6}.AppStore|iPhone.Build.0 = Release|Any CPU
		{767610D1-4E56-4D46-A201-7D7FE3AAD7D6}.AppStore|iPhone.Deploy.0 = Release|Any CPU
		{767610D1-4E56-4D46-A201-7D7FE3AAD7D6}.AppStore|iPhoneSimulator.ActiveCfg = Release|Any CPU
		{767610D1-4E56-4D46-A201-7D7FE3AAD7D6}.AppStore|iPhoneSimulator.Build.0 = Release|Any CPU
		{767610D1-4E56-4D46-A201-7D7FE3AAD7D6}.AppStore|iPhoneSimulator.Deploy.0 = Release|Any CPU
		{767610D1-4E56-4D46-A201-7D7FE3AAD7D6}.AppStore|x64.ActiveCfg = Release|Any CPU
		{767610D1-4E56-4D46-A201-7D7FE3AAD7D6}.AppStore|x64.Build.0 = Release|Any CPU
		{767610D1-4E56-4D46-A201-7D7FE3AAD7D6}.AppStore|x64.Deploy.0 = Release|Any CPU
		{767610D1-4E56-4D46-A201-7D7FE3AAD7D6}.AppStore|x86.ActiveCfg = Release|Any CPU
		{767610D1-4E56-4D46-A201-7D7FE3AAD7D6}.AppStore|x86.Build.0 = Release|Any CPU
		{767610D1-4E56-4D46-A201-7D7FE3AAD7D6}.AppStore|x86.Deploy.0 = Release|Any CPU
		{767610D1-4E56-4D46-A201-7D7FE3AAD7D6}.Debug|Any CPU.ActiveCfg = Debug|Any CPU
		{767610D1-4E56-4D46-A201-7D7FE3AAD7D6}.Debug|Any CPU.Build.0 = Debug|Any CPU
		{767610D1-4E56-4D46-A201-7D7FE3AAD7D6}.Debug|Any CPU.Deploy.0 = Debug|Any CPU
		{767610D1-4E56-4D46-A201-7D7FE3AAD7D6}.Debug|ARM.ActiveCfg = Debug|Any CPU
		{767610D1-4E56-4D46-A201-7D7FE3AAD7D6}.Debug|ARM.Build.0 = Debug|Any CPU
		{767610D1-4E56-4D46-A201-7D7FE3AAD7D6}.Debug|ARM.Deploy.0 = Debug|Any CPU
		{767610D1-4E56-4D46-A201-7D7FE3AAD7D6}.Debug|iPhone.ActiveCfg = Debug|Any CPU
		{767610D1-4E56-4D46-A201-7D7FE3AAD7D6}.Debug|iPhone.Build.0 = Debug|Any CPU
		{767610D1-4E56-4D46-A201-7D7FE3AAD7D6}.Debug|iPhone.Deploy.0 = Debug|Any CPU
		{767610D1-4E56-4D46-A201-7D7FE3AAD7D6}.Debug|iPhoneSimulator.ActiveCfg = Debug|Any CPU
		{767610D1-4E56-4D46-A201-7D7FE3AAD7D6}.Debug|iPhoneSimulator.Build.0 = Debug|Any CPU
		{767610D1-4E56-4D46-A201-7D7FE3AAD7D6}.Debug|iPhoneSimulator.Deploy.0 = Debug|Any CPU
		{767610D1-4E56-4D46-A201-7D7FE3AAD7D6}.Debug|x64.ActiveCfg = Debug|Any CPU
		{767610D1-4E56-4D46-A201-7D7FE3AAD7D6}.Debug|x64.Build.0 = Debug|Any CPU
		{767610D1-4E56-4D46-A201-7D7FE3AAD7D6}.Debug|x64.Deploy.0 = Debug|Any CPU
		{767610D1-4E56-4D46-A201-7D7FE3AAD7D6}.Debug|x86.ActiveCfg = Debug|Any CPU
		{767610D1-4E56-4D46-A201-7D7FE3AAD7D6}.Debug|x86.Build.0 = Debug|Any CPU
		{767610D1-4E56-4D46-A201-7D7FE3AAD7D6}.Debug|x86.Deploy.0 = Debug|Any CPU
		{767610D1-4E56-4D46-A201-7D7FE3AAD7D6}.Release|Any CPU.ActiveCfg = Release|Any CPU
		{767610D1-4E56-4D46-A201-7D7FE3AAD7D6}.Release|Any CPU.Build.0 = Release|Any CPU
		{767610D1-4E56-4D46-A201-7D7FE3AAD7D6}.Release|Any CPU.Deploy.0 = Release|Any CPU
		{767610D1-4E56-4D46-A201-7D7FE3AAD7D6}.Release|ARM.ActiveCfg = Release|Any CPU
		{767610D1-4E56-4D46-A201-7D7FE3AAD7D6}.Release|ARM.Build.0 = Release|Any CPU
		{767610D1-4E56-4D46-A201-7D7FE3AAD7D6}.Release|ARM.Deploy.0 = Release|Any CPU
		{767610D1-4E56-4D46-A201-7D7FE3AAD7D6}.Release|iPhone.ActiveCfg = Release|Any CPU
		{767610D1-4E56-4D46-A201-7D7FE3AAD7D6}.Release|iPhone.Build.0 = Release|Any CPU
		{767610D1-4E56-4D46-A201-7D7FE3AAD7D6}.Release|iPhone.Deploy.0 = Release|Any CPU
		{767610D1-4E56-4D46-A201-7D7FE3AAD7D6}.Release|iPhoneSimulator.ActiveCfg = Release|Any CPU
		{767610D1-4E56-4D46-A201-7D7FE3AAD7D6}.Release|iPhoneSimulator.Build.0 = Release|Any CPU
		{767610D1-4E56-4D46-A201-7D7FE3AAD7D6}.Release|iPhoneSimulator.Deploy.0 = Release|Any CPU
		{767610D1-4E56-4D46-A201-7D7FE3AAD7D6}.Release|x64.ActiveCfg = Release|Any CPU
		{767610D1-4E56-4D46-A201-7D7FE3AAD7D6}.Release|x64.Build.0 = Release|Any CPU
		{767610D1-4E56-4D46-A201-7D7FE3AAD7D6}.Release|x64.Deploy.0 = Release|Any CPU
		{767610D1-4E56-4D46-A201-7D7FE3AAD7D6}.Release|x86.ActiveCfg = Release|Any CPU
		{767610D1-4E56-4D46-A201-7D7FE3AAD7D6}.Release|x86.Build.0 = Release|Any CPU
		{767610D1-4E56-4D46-A201-7D7FE3AAD7D6}.Release|x86.Deploy.0 = Release|Any CPU
		{DDAB261C-6A90-48CF-8AC5-5612FEAE269A}.Ad-Hoc|Any CPU.ActiveCfg = Ad-Hoc|iPhone
		{DDAB261C-6A90-48CF-8AC5-5612FEAE269A}.Ad-Hoc|ARM.ActiveCfg = Ad-Hoc|iPhone
		{DDAB261C-6A90-48CF-8AC5-5612FEAE269A}.Ad-Hoc|iPhone.ActiveCfg = Ad-Hoc|iPhone
		{DDAB261C-6A90-48CF-8AC5-5612FEAE269A}.Ad-Hoc|iPhone.Build.0 = Ad-Hoc|iPhone
		{DDAB261C-6A90-48CF-8AC5-5612FEAE269A}.Ad-Hoc|iPhoneSimulator.ActiveCfg = Ad-Hoc|iPhoneSimulator
		{DDAB261C-6A90-48CF-8AC5-5612FEAE269A}.Ad-Hoc|iPhoneSimulator.Build.0 = Ad-Hoc|iPhoneSimulator
		{DDAB261C-6A90-48CF-8AC5-5612FEAE269A}.Ad-Hoc|x64.ActiveCfg = Ad-Hoc|iPhone
		{DDAB261C-6A90-48CF-8AC5-5612FEAE269A}.Ad-Hoc|x86.ActiveCfg = Ad-Hoc|iPhone
		{DDAB261C-6A90-48CF-8AC5-5612FEAE269A}.AppStore|Any CPU.ActiveCfg = AppStore|iPhone
		{DDAB261C-6A90-48CF-8AC5-5612FEAE269A}.AppStore|ARM.ActiveCfg = AppStore|iPhone
		{DDAB261C-6A90-48CF-8AC5-5612FEAE269A}.AppStore|iPhone.ActiveCfg = AppStore|iPhone
		{DDAB261C-6A90-48CF-8AC5-5612FEAE269A}.AppStore|iPhone.Build.0 = AppStore|iPhone
		{DDAB261C-6A90-48CF-8AC5-5612FEAE269A}.AppStore|iPhoneSimulator.ActiveCfg = AppStore|iPhoneSimulator
		{DDAB261C-6A90-48CF-8AC5-5612FEAE269A}.AppStore|iPhoneSimulator.Build.0 = AppStore|iPhoneSimulator
		{DDAB261C-6A90-48CF-8AC5-5612FEAE269A}.AppStore|x64.ActiveCfg = AppStore|iPhone
		{DDAB261C-6A90-48CF-8AC5-5612FEAE269A}.AppStore|x86.ActiveCfg = AppStore|iPhone
		{DDAB261C-6A90-48CF-8AC5-5612FEAE269A}.Debug|Any CPU.ActiveCfg = Debug|iPhone
		{DDAB261C-6A90-48CF-8AC5-5612FEAE269A}.Debug|Any CPU.Build.0 = Debug|iPhone
		{DDAB261C-6A90-48CF-8AC5-5612FEAE269A}.Debug|ARM.ActiveCfg = Debug|iPhone
		{DDAB261C-6A90-48CF-8AC5-5612FEAE269A}.Debug|iPhone.ActiveCfg = Debug|iPhone
		{DDAB261C-6A90-48CF-8AC5-5612FEAE269A}.Debug|iPhone.Build.0 = Debug|iPhone
		{DDAB261C-6A90-48CF-8AC5-5612FEAE269A}.Debug|iPhoneSimulator.ActiveCfg = Debug|iPhoneSimulator
		{DDAB261C-6A90-48CF-8AC5-5612FEAE269A}.Debug|iPhoneSimulator.Build.0 = Debug|iPhoneSimulator
		{DDAB261C-6A90-48CF-8AC5-5612FEAE269A}.Debug|x64.ActiveCfg = Debug|iPhone
		{DDAB261C-6A90-48CF-8AC5-5612FEAE269A}.Debug|x86.ActiveCfg = Debug|iPhone
		{DDAB261C-6A90-48CF-8AC5-5612FEAE269A}.Release|Any CPU.ActiveCfg = Release|iPhone
		{DDAB261C-6A90-48CF-8AC5-5612FEAE269A}.Release|ARM.ActiveCfg = Release|iPhone
		{DDAB261C-6A90-48CF-8AC5-5612FEAE269A}.Release|iPhone.ActiveCfg = Release|iPhone
		{DDAB261C-6A90-48CF-8AC5-5612FEAE269A}.Release|iPhone.Build.0 = Release|iPhone
		{DDAB261C-6A90-48CF-8AC5-5612FEAE269A}.Release|iPhoneSimulator.ActiveCfg = Release|iPhoneSimulator
		{DDAB261C-6A90-48CF-8AC5-5612FEAE269A}.Release|iPhoneSimulator.Build.0 = Release|iPhoneSimulator
		{DDAB261C-6A90-48CF-8AC5-5612FEAE269A}.Release|x64.ActiveCfg = Release|iPhone
		{DDAB261C-6A90-48CF-8AC5-5612FEAE269A}.Release|x86.ActiveCfg = Release|iPhone
		{1063CA5F-CF9F-4DC8-B9FE-5BC8094B4609}.Ad-Hoc|Any CPU.ActiveCfg = Release|x86
		{1063CA5F-CF9F-4DC8-B9FE-5BC8094B4609}.Ad-Hoc|Any CPU.Build.0 = Release|x86
		{1063CA5F-CF9F-4DC8-B9FE-5BC8094B4609}.Ad-Hoc|Any CPU.Deploy.0 = Release|x86
		{1063CA5F-CF9F-4DC8-B9FE-5BC8094B4609}.Ad-Hoc|ARM.ActiveCfg = Release|ARM
		{1063CA5F-CF9F-4DC8-B9FE-5BC8094B4609}.Ad-Hoc|ARM.Build.0 = Release|ARM
		{1063CA5F-CF9F-4DC8-B9FE-5BC8094B4609}.Ad-Hoc|ARM.Deploy.0 = Release|ARM
		{1063CA5F-CF9F-4DC8-B9FE-5BC8094B4609}.Ad-Hoc|iPhone.ActiveCfg = Release|x86
		{1063CA5F-CF9F-4DC8-B9FE-5BC8094B4609}.Ad-Hoc|iPhone.Build.0 = Release|x86
		{1063CA5F-CF9F-4DC8-B9FE-5BC8094B4609}.Ad-Hoc|iPhone.Deploy.0 = Release|x86
		{1063CA5F-CF9F-4DC8-B9FE-5BC8094B4609}.Ad-Hoc|iPhoneSimulator.ActiveCfg = Release|x86
		{1063CA5F-CF9F-4DC8-B9FE-5BC8094B4609}.Ad-Hoc|iPhoneSimulator.Build.0 = Release|x86
		{1063CA5F-CF9F-4DC8-B9FE-5BC8094B4609}.Ad-Hoc|iPhoneSimulator.Deploy.0 = Release|x86
		{1063CA5F-CF9F-4DC8-B9FE-5BC8094B4609}.Ad-Hoc|x64.ActiveCfg = Release|x64
		{1063CA5F-CF9F-4DC8-B9FE-5BC8094B4609}.Ad-Hoc|x64.Build.0 = Release|x64
		{1063CA5F-CF9F-4DC8-B9FE-5BC8094B4609}.Ad-Hoc|x64.Deploy.0 = Release|x64
		{1063CA5F-CF9F-4DC8-B9FE-5BC8094B4609}.Ad-Hoc|x86.ActiveCfg = Release|x86
		{1063CA5F-CF9F-4DC8-B9FE-5BC8094B4609}.Ad-Hoc|x86.Build.0 = Release|x86
		{1063CA5F-CF9F-4DC8-B9FE-5BC8094B4609}.Ad-Hoc|x86.Deploy.0 = Release|x86
		{1063CA5F-CF9F-4DC8-B9FE-5BC8094B4609}.AppStore|Any CPU.ActiveCfg = Release|x86
		{1063CA5F-CF9F-4DC8-B9FE-5BC8094B4609}.AppStore|Any CPU.Build.0 = Release|x86
		{1063CA5F-CF9F-4DC8-B9FE-5BC8094B4609}.AppStore|Any CPU.Deploy.0 = Release|x86
		{1063CA5F-CF9F-4DC8-B9FE-5BC8094B4609}.AppStore|ARM.ActiveCfg = Release|ARM
		{1063CA5F-CF9F-4DC8-B9FE-5BC8094B4609}.AppStore|ARM.Build.0 = Release|ARM
		{1063CA5F-CF9F-4DC8-B9FE-5BC8094B4609}.AppStore|ARM.Deploy.0 = Release|ARM
		{1063CA5F-CF9F-4DC8-B9FE-5BC8094B4609}.AppStore|iPhone.ActiveCfg = Release|x86
		{1063CA5F-CF9F-4DC8-B9FE-5BC8094B4609}.AppStore|iPhone.Build.0 = Release|x86
		{1063CA5F-CF9F-4DC8-B9FE-5BC8094B4609}.AppStore|iPhone.Deploy.0 = Release|x86
		{1063CA5F-CF9F-4DC8-B9FE-5BC8094B4609}.AppStore|iPhoneSimulator.ActiveCfg = Release|x86
		{1063CA5F-CF9F-4DC8-B9FE-5BC8094B4609}.AppStore|iPhoneSimulator.Build.0 = Release|x86
		{1063CA5F-CF9F-4DC8-B9FE-5BC8094B4609}.AppStore|iPhoneSimulator.Deploy.0 = Release|x86
		{1063CA5F-CF9F-4DC8-B9FE-5BC8094B4609}.AppStore|x64.ActiveCfg = Release|x64
		{1063CA5F-CF9F-4DC8-B9FE-5BC8094B4609}.AppStore|x64.Build.0 = Release|x64
		{1063CA5F-CF9F-4DC8-B9FE-5BC8094B4609}.AppStore|x64.Deploy.0 = Release|x64
		{1063CA5F-CF9F-4DC8-B9FE-5BC8094B4609}.AppStore|x86.ActiveCfg = Release|x86
		{1063CA5F-CF9F-4DC8-B9FE-5BC8094B4609}.AppStore|x86.Build.0 = Release|x86
		{1063CA5F-CF9F-4DC8-B9FE-5BC8094B4609}.AppStore|x86.Deploy.0 = Release|x86
		{1063CA5F-CF9F-4DC8-B9FE-5BC8094B4609}.Debug|Any CPU.ActiveCfg = Debug|x86
		{1063CA5F-CF9F-4DC8-B9FE-5BC8094B4609}.Debug|Any CPU.Build.0 = Debug|x86
		{1063CA5F-CF9F-4DC8-B9FE-5BC8094B4609}.Debug|Any CPU.Deploy.0 = Debug|x86
		{1063CA5F-CF9F-4DC8-B9FE-5BC8094B4609}.Debug|ARM.ActiveCfg = Debug|ARM
		{1063CA5F-CF9F-4DC8-B9FE-5BC8094B4609}.Debug|ARM.Build.0 = Debug|ARM
		{1063CA5F-CF9F-4DC8-B9FE-5BC8094B4609}.Debug|ARM.Deploy.0 = Debug|ARM
		{1063CA5F-CF9F-4DC8-B9FE-5BC8094B4609}.Debug|iPhone.ActiveCfg = Debug|x86
		{1063CA5F-CF9F-4DC8-B9FE-5BC8094B4609}.Debug|iPhoneSimulator.ActiveCfg = Debug|x86
		{1063CA5F-CF9F-4DC8-B9FE-5BC8094B4609}.Debug|x64.ActiveCfg = Debug|x64
		{1063CA5F-CF9F-4DC8-B9FE-5BC8094B4609}.Debug|x64.Build.0 = Debug|x64
		{1063CA5F-CF9F-4DC8-B9FE-5BC8094B4609}.Debug|x64.Deploy.0 = Debug|x64
		{1063CA5F-CF9F-4DC8-B9FE-5BC8094B4609}.Debug|x86.ActiveCfg = Debug|x86
		{1063CA5F-CF9F-4DC8-B9FE-5BC8094B4609}.Debug|x86.Build.0 = Debug|x86
		{1063CA5F-CF9F-4DC8-B9FE-5BC8094B4609}.Debug|x86.Deploy.0 = Debug|x86
		{1063CA5F-CF9F-4DC8-B9FE-5BC8094B4609}.Release|Any CPU.ActiveCfg = Release|x86
		{1063CA5F-CF9F-4DC8-B9FE-5BC8094B4609}.Release|ARM.ActiveCfg = Release|ARM
		{1063CA5F-CF9F-4DC8-B9FE-5BC8094B4609}.Release|ARM.Build.0 = Release|ARM
		{1063CA5F-CF9F-4DC8-B9FE-5BC8094B4609}.Release|ARM.Deploy.0 = Release|ARM
		{1063CA5F-CF9F-4DC8-B9FE-5BC8094B4609}.Release|iPhone.ActiveCfg = Release|x86
		{1063CA5F-CF9F-4DC8-B9FE-5BC8094B4609}.Release|iPhoneSimulator.ActiveCfg = Release|x86
		{1063CA5F-CF9F-4DC8-B9FE-5BC8094B4609}.Release|x64.ActiveCfg = Release|x64
		{1063CA5F-CF9F-4DC8-B9FE-5BC8094B4609}.Release|x64.Build.0 = Release|x64
		{1063CA5F-CF9F-4DC8-B9FE-5BC8094B4609}.Release|x64.Deploy.0 = Release|x64
		{1063CA5F-CF9F-4DC8-B9FE-5BC8094B4609}.Release|x86.ActiveCfg = Release|x86
		{1063CA5F-CF9F-4DC8-B9FE-5BC8094B4609}.Release|x86.Build.0 = Release|x86
		{1063CA5F-CF9F-4DC8-B9FE-5BC8094B4609}.Release|x86.Deploy.0 = Release|x86
		{D33CF3C4-9F42-4170-81EB-BFA2E928F632}.Ad-Hoc|Any CPU.ActiveCfg = Release|Any CPU
		{D33CF3C4-9F42-4170-81EB-BFA2E928F632}.Ad-Hoc|Any CPU.Build.0 = Release|Any CPU
		{D33CF3C4-9F42-4170-81EB-BFA2E928F632}.Ad-Hoc|ARM.ActiveCfg = Release|Any CPU
		{D33CF3C4-9F42-4170-81EB-BFA2E928F632}.Ad-Hoc|ARM.Build.0 = Release|Any CPU
		{D33CF3C4-9F42-4170-81EB-BFA2E928F632}.Ad-Hoc|iPhone.ActiveCfg = Release|Any CPU
		{D33CF3C4-9F42-4170-81EB-BFA2E928F632}.Ad-Hoc|iPhone.Build.0 = Release|Any CPU
		{D33CF3C4-9F42-4170-81EB-BFA2E928F632}.Ad-Hoc|iPhoneSimulator.ActiveCfg = Release|Any CPU
		{D33CF3C4-9F42-4170-81EB-BFA2E928F632}.Ad-Hoc|iPhoneSimulator.Build.0 = Release|Any CPU
		{D33CF3C4-9F42-4170-81EB-BFA2E928F632}.Ad-Hoc|x64.ActiveCfg = Release|Any CPU
		{D33CF3C4-9F42-4170-81EB-BFA2E928F632}.Ad-Hoc|x64.Build.0 = Release|Any CPU
		{D33CF3C4-9F42-4170-81EB-BFA2E928F632}.Ad-Hoc|x86.ActiveCfg = Release|Any CPU
		{D33CF3C4-9F42-4170-81EB-BFA2E928F632}.Ad-Hoc|x86.Build.0 = Release|Any CPU
		{D33CF3C4-9F42-4170-81EB-BFA2E928F632}.AppStore|Any CPU.ActiveCfg = Release|Any CPU
		{D33CF3C4-9F42-4170-81EB-BFA2E928F632}.AppStore|Any CPU.Build.0 = Release|Any CPU
		{D33CF3C4-9F42-4170-81EB-BFA2E928F632}.AppStore|ARM.ActiveCfg = Release|Any CPU
		{D33CF3C4-9F42-4170-81EB-BFA2E928F632}.AppStore|ARM.Build.0 = Release|Any CPU
		{D33CF3C4-9F42-4170-81EB-BFA2E928F632}.AppStore|iPhone.ActiveCfg = Release|Any CPU
		{D33CF3C4-9F42-4170-81EB-BFA2E928F632}.AppStore|iPhone.Build.0 = Release|Any CPU
		{D33CF3C4-9F42-4170-81EB-BFA2E928F632}.AppStore|iPhoneSimulator.ActiveCfg = Release|Any CPU
		{D33CF3C4-9F42-4170-81EB-BFA2E928F632}.AppStore|iPhoneSimulator.Build.0 = Release|Any CPU
		{D33CF3C4-9F42-4170-81EB-BFA2E928F632}.AppStore|x64.ActiveCfg = Release|Any CPU
		{D33CF3C4-9F42-4170-81EB-BFA2E928F632}.AppStore|x64.Build.0 = Release|Any CPU
		{D33CF3C4-9F42-4170-81EB-BFA2E928F632}.AppStore|x86.ActiveCfg = Release|Any CPU
		{D33CF3C4-9F42-4170-81EB-BFA2E928F632}.AppStore|x86.Build.0 = Release|Any CPU
		{D33CF3C4-9F42-4170-81EB-BFA2E928F632}.Debug|Any CPU.ActiveCfg = Debug|Any CPU
		{D33CF3C4-9F42-4170-81EB-BFA2E928F632}.Debug|Any CPU.Build.0 = Debug|Any CPU
		{D33CF3C4-9F42-4170-81EB-BFA2E928F632}.Debug|ARM.ActiveCfg = Debug|Any CPU
		{D33CF3C4-9F42-4170-81EB-BFA2E928F632}.Debug|ARM.Build.0 = Debug|Any CPU
		{D33CF3C4-9F42-4170-81EB-BFA2E928F632}.Debug|iPhone.ActiveCfg = Debug|Any CPU
		{D33CF3C4-9F42-4170-81EB-BFA2E928F632}.Debug|iPhone.Build.0 = Debug|Any CPU
		{D33CF3C4-9F42-4170-81EB-BFA2E928F632}.Debug|iPhoneSimulator.ActiveCfg = Debug|Any CPU
		{D33CF3C4-9F42-4170-81EB-BFA2E928F632}.Debug|iPhoneSimulator.Build.0 = Debug|Any CPU
		{D33CF3C4-9F42-4170-81EB-BFA2E928F632}.Debug|x64.ActiveCfg = Debug|Any CPU
		{D33CF3C4-9F42-4170-81EB-BFA2E928F632}.Debug|x64.Build.0 = Debug|Any CPU
		{D33CF3C4-9F42-4170-81EB-BFA2E928F632}.Debug|x86.ActiveCfg = Debug|Any CPU
		{D33CF3C4-9F42-4170-81EB-BFA2E928F632}.Debug|x86.Build.0 = Debug|Any CPU
		{D33CF3C4-9F42-4170-81EB-BFA2E928F632}.Release|Any CPU.ActiveCfg = Release|Any CPU
		{D33CF3C4-9F42-4170-81EB-BFA2E928F632}.Release|Any CPU.Build.0 = Release|Any CPU
		{D33CF3C4-9F42-4170-81EB-BFA2E928F632}.Release|ARM.ActiveCfg = Release|Any CPU
		{D33CF3C4-9F42-4170-81EB-BFA2E928F632}.Release|ARM.Build.0 = Release|Any CPU
		{D33CF3C4-9F42-4170-81EB-BFA2E928F632}.Release|iPhone.ActiveCfg = Release|Any CPU
		{D33CF3C4-9F42-4170-81EB-BFA2E928F632}.Release|iPhone.Build.0 = Release|Any CPU
		{D33CF3C4-9F42-4170-81EB-BFA2E928F632}.Release|iPhoneSimulator.ActiveCfg = Release|Any CPU
		{D33CF3C4-9F42-4170-81EB-BFA2E928F632}.Release|iPhoneSimulator.Build.0 = Release|Any CPU
		{D33CF3C4-9F42-4170-81EB-BFA2E928F632}.Release|x64.ActiveCfg = Release|Any CPU
		{D33CF3C4-9F42-4170-81EB-BFA2E928F632}.Release|x64.Build.0 = Release|Any CPU
		{D33CF3C4-9F42-4170-81EB-BFA2E928F632}.Release|x86.ActiveCfg = Release|Any CPU
		{D33CF3C4-9F42-4170-81EB-BFA2E928F632}.Release|x86.Build.0 = Release|Any CPU
	EndGlobalSection
	GlobalSection(SolutionProperties) = preSolution
		HideSolutionNode = FALSE
	EndGlobalSection
EndGlobal
