
Microsoft Visual Studio Solution File, Format Version 12.00
# Visual Studio 14
VisualStudioVersion = 14.0.24720.0
MinimumVisualStudioVersion = 10.0.40219.1
Project("{FAE04EC0-301F-11D3-BF4B-00C04F79EFBC}") = "TourStops.Droid", "TourStops\TourStops.Droid\TourStops.Droid.csproj", "{A63450FE-1695-4E08-AD0B-78100ADAF496}"
EndProject
Project("{FAE04EC0-301F-11D3-BF4B-00C04F79EFBC}") = "TourStops.iOS", "TourStops\TourStops.iOS\TourStops.iOS.csproj", "{CA60273D-DE0A-4359-9820-69F07DCAD782}"
EndProject
Project("{FAE04EC0-301F-11D3-BF4B-00C04F79EFBC}") = "TourStops.UWP", "TourStops\TourStops.UWP\TourStops.UWP.csproj", "{DE4531A7-F738-40B4-970C-204B90931E69}"
EndProject
Project("{FAE04EC0-301F-11D3-BF4B-00C04F79EFBC}") = "TourStops", "TourStops\TourStops\TourStops.csproj", "{12AE5ED7-78B5-43B9-9EFD-52BB54CCF1F8}"
EndProject
Global
	GlobalSection(SolutionConfigurationPlatforms) = preSolution
		Ad-Hoc|Any CPU = Ad-Hoc|Any CPU
		Ad-Hoc|ARM = Ad-Hoc|ARM
		Ad-Hoc|iPhone = Ad-Hoc|iPhone
		Ad-Hoc|iPhoneSimulator = Ad-Hoc|iPhoneSimulator
		Ad-Hoc|x64 = Ad-Hoc|x64
		Ad-Hoc|x86 = Ad-Hoc|x86
		AppStore|Any CPU = AppStore|Any CPU
		AppStore|ARM = AppStore|ARM
		AppStore|iPhone = AppStore|iPhone
		AppStore|iPhoneSimulator = AppStore|iPhoneSimulator
		AppStore|x64 = AppStore|x64
		AppStore|x86 = AppStore|x86
		Debug|Any CPU = Debug|Any CPU
		Debug|ARM = Debug|ARM
		Debug|iPhone = Debug|iPhone
		Debug|iPhoneSimulator = Debug|iPhoneSimulator
		Debug|x64 = Debug|x64
		Debug|x86 = Debug|x86
		Release|Any CPU = Release|Any CPU
		Release|ARM = Release|ARM
		Release|iPhone = Release|iPhone
		Release|iPhoneSimulator = Release|iPhoneSimulator
		Release|x64 = Release|x64
		Release|x86 = Release|x86
	EndGlobalSection
	GlobalSection(ProjectConfigurationPlatforms) = postSolution
		{A63450FE-1695-4E08-AD0B-78100ADAF496}.Ad-Hoc|Any CPU.ActiveCfg = Release|Any CPU
		{A63450FE-1695-4E08-AD0B-78100ADAF496}.Ad-Hoc|Any CPU.Build.0 = Release|Any CPU
		{A63450FE-1695-4E08-AD0B-78100ADAF496}.Ad-Hoc|Any CPU.Deploy.0 = Release|Any CPU
		{A63450FE-1695-4E08-AD0B-78100ADAF496}.Ad-Hoc|ARM.ActiveCfg = Release|Any CPU
		{A63450FE-1695-4E08-AD0B-78100ADAF496}.Ad-Hoc|ARM.Build.0 = Release|Any CPU
		{A63450FE-1695-4E08-AD0B-78100ADAF496}.Ad-Hoc|ARM.Deploy.0 = Release|Any CPU
		{A63450FE-1695-4E08-AD0B-78100ADAF496}.Ad-Hoc|iPhone.ActiveCfg = Release|Any CPU
		{A63450FE-1695-4E08-AD0B-78100ADAF496}.Ad-Hoc|iPhone.Build.0 = Release|Any CPU
		{A63450FE-1695-4E08-AD0B-78100ADAF496}.Ad-Hoc|iPhone.Deploy.0 = Release|Any CPU
		{A63450FE-1695-4E08-AD0B-78100ADAF496}.Ad-Hoc|iPhoneSimulator.ActiveCfg = Release|Any CPU
		{A63450FE-1695-4E08-AD0B-78100ADAF496}.Ad-Hoc|iPhoneSimulator.Build.0 = Release|Any CPU
		{A63450FE-1695-4E08-AD0B-78100ADAF496}.Ad-Hoc|iPhoneSimulator.Deploy.0 = Release|Any CPU
		{A63450FE-1695-4E08-AD0B-78100ADAF496}.Ad-Hoc|x64.ActiveCfg = Release|Any CPU
		{A63450FE-1695-4E08-AD0B-78100ADAF496}.Ad-Hoc|x64.Build.0 = Release|Any CPU
		{A63450FE-1695-4E08-AD0B-78100ADAF496}.Ad-Hoc|x64.Deploy.0 = Release|Any CPU
		{A63450FE-1695-4E08-AD0B-78100ADAF496}.Ad-Hoc|x86.ActiveCfg = Release|Any CPU
		{A63450FE-1695-4E08-AD0B-78100ADAF496}.Ad-Hoc|x86.Build.0 = Release|Any CPU
		{A63450FE-1695-4E08-AD0B-78100ADAF496}.Ad-Hoc|x86.Deploy.0 = Release|Any CPU
		{A63450FE-1695-4E08-AD0B-78100ADAF496}.AppStore|Any CPU.ActiveCfg = Release|Any CPU
		{A63450FE-1695-4E08-AD0B-78100ADAF496}.AppStore|Any CPU.Build.0 = Release|Any CPU
		{A63450FE-1695-4E08-AD0B-78100ADAF496}.AppStore|Any CPU.Deploy.0 = Release|Any CPU
		{A63450FE-1695-4E08-AD0B-78100ADAF496}.AppStore|ARM.ActiveCfg = Release|Any CPU
		{A63450FE-1695-4E08-AD0B-78100ADAF496}.AppStore|ARM.Build.0 = Release|Any CPU
		{A63450FE-1695-4E08-AD0B-78100ADAF496}.AppStore|ARM.Deploy.0 = Release|Any CPU
		{A63450FE-1695-4E08-AD0B-78100ADAF496}.AppStore|iPhone.ActiveCfg = Release|Any CPU
		{A63450FE-1695-4E08-AD0B-78100ADAF496}.AppStore|iPhone.Build.0 = Release|Any CPU
		{A63450FE-1695-4E08-AD0B-78100ADAF496}.AppStore|iPhone.Deploy.0 = Release|Any CPU
		{A63450FE-1695-4E08-AD0B-78100ADAF496}.AppStore|iPhoneSimulator.ActiveCfg = Release|Any CPU
		{A63450FE-1695-4E08-AD0B-78100ADAF496}.AppStore|iPhoneSimulator.Build.0 = Release|Any CPU
		{A63450FE-1695-4E08-AD0B-78100ADAF496}.AppStore|iPhoneSimulator.Deploy.0 = Release|Any CPU
		{A63450FE-1695-4E08-AD0B-78100ADAF496}.AppStore|x64.ActiveCfg = Release|Any CPU
		{A63450FE-1695-4E08-AD0B-78100ADAF496}.AppStore|x64.Build.0 = Release|Any CPU
		{A63450FE-1695-4E08-AD0B-78100ADAF496}.AppStore|x64.Deploy.0 = Release|Any CPU
		{A63450FE-1695-4E08-AD0B-78100ADAF496}.AppStore|x86.ActiveCfg = Release|Any CPU
		{A63450FE-1695-4E08-AD0B-78100ADAF496}.AppStore|x86.Build.0 = Release|Any CPU
		{A63450FE-1695-4E08-AD0B-78100ADAF496}.AppStore|x86.Deploy.0 = Release|Any CPU
		{A63450FE-1695-4E08-AD0B-78100ADAF496}.Debug|Any CPU.ActiveCfg = Debug|Any CPU
		{A63450FE-1695-4E08-AD0B-78100ADAF496}.Debug|Any CPU.Build.0 = Debug|Any CPU
		{A63450FE-1695-4E08-AD0B-78100ADAF496}.Debug|Any CPU.Deploy.0 = Debug|Any CPU
		{A63450FE-1695-4E08-AD0B-78100ADAF496}.Debug|ARM.ActiveCfg = Debug|Any CPU
		{A63450FE-1695-4E08-AD0B-78100ADAF496}.Debug|ARM.Build.0 = Debug|Any CPU
		{A63450FE-1695-4E08-AD0B-78100ADAF496}.Debug|ARM.Deploy.0 = Debug|Any CPU
		{A63450FE-1695-4E08-AD0B-78100ADAF496}.Debug|iPhone.ActiveCfg = Debug|Any CPU
		{A63450FE-1695-4E08-AD0B-78100ADAF496}.Debug|iPhone.Build.0 = Debug|Any CPU
		{A63450FE-1695-4E08-AD0B-78100ADAF496}.Debug|iPhone.Deploy.0 = Debug|Any CPU
		{A63450FE-1695-4E08-AD0B-78100ADAF496}.Debug|iPhoneSimulator.ActiveCfg = Debug|Any CPU
		{A63450FE-1695-4E08-AD0B-78100ADAF496}.Debug|iPhoneSimulator.Build.0 = Debug|Any CPU
		{A63450FE-1695-4E08-AD0B-78100ADAF496}.Debug|iPhoneSimulator.Deploy.0 = Debug|Any CPU
		{A63450FE-1695-4E08-AD0B-78100ADAF496}.Debug|x64.ActiveCfg = Debug|Any CPU
		{A63450FE-1695-4E08-AD0B-78100ADAF496}.Debug|x64.Build.0 = Debug|Any CPU
		{A63450FE-1695-4E08-AD0B-78100ADAF496}.Debug|x64.Deploy.0 = Debug|Any CPU
		{A63450FE-1695-4E08-AD0B-78100ADAF496}.Debug|x86.ActiveCfg = Debug|Any CPU
		{A63450FE-1695-4E08-AD0B-78100ADAF496}.Debug|x86.Build.0 = Debug|Any CPU
		{A63450FE-1695-4E08-AD0B-78100ADAF496}.Debug|x86.Deploy.0 = Debug|Any CPU
		{A63450FE-1695-4E08-AD0B-78100ADAF496}.Release|Any CPU.ActiveCfg = Release|Any CPU
		{A63450FE-1695-4E08-AD0B-78100ADAF496}.Release|Any CPU.Build.0 = Release|Any CPU
		{A63450FE-1695-4E08-AD0B-78100ADAF496}.Release|Any CPU.Deploy.0 = Release|Any CPU
		{A63450FE-1695-4E08-AD0B-78100ADAF496}.Release|ARM.ActiveCfg = Release|Any CPU
		{A63450FE-1695-4E08-AD0B-78100ADAF496}.Release|ARM.Build.0 = Release|Any CPU
		{A63450FE-1695-4E08-AD0B-78100ADAF496}.Release|ARM.Deploy.0 = Release|Any CPU
		{A63450FE-1695-4E08-AD0B-78100ADAF496}.Release|iPhone.ActiveCfg = Release|Any CPU
		{A63450FE-1695-4E08-AD0B-78100ADAF496}.Release|iPhone.Build.0 = Release|Any CPU
		{A63450FE-1695-4E08-AD0B-78100ADAF496}.Release|iPhone.Deploy.0 = Release|Any CPU
		{A63450FE-1695-4E08-AD0B-78100ADAF496}.Release|iPhoneSimulator.ActiveCfg = Release|Any CPU
		{A63450FE-1695-4E08-AD0B-78100ADAF496}.Release|iPhoneSimulator.Build.0 = Release|Any CPU
		{A63450FE-1695-4E08-AD0B-78100ADAF496}.Release|iPhoneSimulator.Deploy.0 = Release|Any CPU
		{A63450FE-1695-4E08-AD0B-78100ADAF496}.Release|x64.ActiveCfg = Release|Any CPU
		{A63450FE-1695-4E08-AD0B-78100ADAF496}.Release|x64.Build.0 = Release|Any CPU
		{A63450FE-1695-4E08-AD0B-78100ADAF496}.Release|x64.Deploy.0 = Release|Any CPU
		{A63450FE-1695-4E08-AD0B-78100ADAF496}.Release|x86.ActiveCfg = Release|Any CPU
		{A63450FE-1695-4E08-AD0B-78100ADAF496}.Release|x86.Build.0 = Release|Any CPU
		{A63450FE-1695-4E08-AD0B-78100ADAF496}.Release|x86.Deploy.0 = Release|Any CPU
		{CA60273D-DE0A-4359-9820-69F07DCAD782}.Ad-Hoc|Any CPU.ActiveCfg = Ad-Hoc|iPhone
		{CA60273D-DE0A-4359-9820-69F07DCAD782}.Ad-Hoc|ARM.ActiveCfg = Ad-Hoc|iPhone
		{CA60273D-DE0A-4359-9820-69F07DCAD782}.Ad-Hoc|iPhone.ActiveCfg = Ad-Hoc|iPhone
		{CA60273D-DE0A-4359-9820-69F07DCAD782}.Ad-Hoc|iPhone.Build.0 = Ad-Hoc|iPhone
		{CA60273D-DE0A-4359-9820-69F07DCAD782}.Ad-Hoc|iPhoneSimulator.ActiveCfg = Ad-Hoc|iPhoneSimulator
		{CA60273D-DE0A-4359-9820-69F07DCAD782}.Ad-Hoc|iPhoneSimulator.Build.0 = Ad-Hoc|iPhoneSimulator
		{CA60273D-DE0A-4359-9820-69F07DCAD782}.Ad-Hoc|x64.ActiveCfg = Ad-Hoc|iPhone
		{CA60273D-DE0A-4359-9820-69F07DCAD782}.Ad-Hoc|x86.ActiveCfg = Ad-Hoc|iPhone
		{CA60273D-DE0A-4359-9820-69F07DCAD782}.AppStore|Any CPU.ActiveCfg = AppStore|iPhone
		{CA60273D-DE0A-4359-9820-69F07DCAD782}.AppStore|ARM.ActiveCfg = AppStore|iPhone
		{CA60273D-DE0A-4359-9820-69F07DCAD782}.AppStore|iPhone.ActiveCfg = AppStore|iPhone
		{CA60273D-DE0A-4359-9820-69F07DCAD782}.AppStore|iPhone.Build.0 = AppStore|iPhone
		{CA60273D-DE0A-4359-9820-69F07DCAD782}.AppStore|iPhoneSimulator.ActiveCfg = AppStore|iPhoneSimulator
		{CA60273D-DE0A-4359-9820-69F07DCAD782}.AppStore|iPhoneSimulator.Build.0 = AppStore|iPhoneSimulator
		{CA60273D-DE0A-4359-9820-69F07DCAD782}.AppStore|x64.ActiveCfg = AppStore|iPhone
		{CA60273D-DE0A-4359-9820-69F07DCAD782}.AppStore|x86.ActiveCfg = AppStore|iPhone
		{CA60273D-DE0A-4359-9820-69F07DCAD782}.Debug|Any CPU.ActiveCfg = Debug|iPhone
		{CA60273D-DE0A-4359-9820-69F07DCAD782}.Debug|ARM.ActiveCfg = Debug|iPhone
		{CA60273D-DE0A-4359-9820-69F07DCAD782}.Debug|iPhone.ActiveCfg = Debug|iPhone
		{CA60273D-DE0A-4359-9820-69F07DCAD782}.Debug|iPhone.Build.0 = Debug|iPhone
		{CA60273D-DE0A-4359-9820-69F07DCAD782}.Debug|iPhoneSimulator.ActiveCfg = Debug|iPhoneSimulator
		{CA60273D-DE0A-4359-9820-69F07DCAD782}.Debug|iPhoneSimulator.Build.0 = Debug|iPhoneSimulator
		{CA60273D-DE0A-4359-9820-69F07DCAD782}.Debug|x64.ActiveCfg = Debug|iPhone
		{CA60273D-DE0A-4359-9820-69F07DCAD782}.Debug|x86.ActiveCfg = Debug|iPhone
		{CA60273D-DE0A-4359-9820-69F07DCAD782}.Release|Any CPU.ActiveCfg = Release|iPhone
		{CA60273D-DE0A-4359-9820-69F07DCAD782}.Release|ARM.ActiveCfg = Release|iPhone
		{CA60273D-DE0A-4359-9820-69F07DCAD782}.Release|iPhone.ActiveCfg = Release|iPhone
		{CA60273D-DE0A-4359-9820-69F07DCAD782}.Release|iPhone.Build.0 = Release|iPhone
		{CA60273D-DE0A-4359-9820-69F07DCAD782}.Release|iPhoneSimulator.ActiveCfg = Release|iPhoneSimulator
		{CA60273D-DE0A-4359-9820-69F07DCAD782}.Release|iPhoneSimulator.Build.0 = Release|iPhoneSimulator
		{CA60273D-DE0A-4359-9820-69F07DCAD782}.Release|x64.ActiveCfg = Release|iPhone
		{CA60273D-DE0A-4359-9820-69F07DCAD782}.Release|x86.ActiveCfg = Release|iPhone
		{DE4531A7-F738-40B4-970C-204B90931E69}.Ad-Hoc|Any CPU.ActiveCfg = Release|x86
		{DE4531A7-F738-40B4-970C-204B90931E69}.Ad-Hoc|Any CPU.Build.0 = Release|x86
		{DE4531A7-F738-40B4-970C-204B90931E69}.Ad-Hoc|Any CPU.Deploy.0 = Release|x86
		{DE4531A7-F738-40B4-970C-204B90931E69}.Ad-Hoc|ARM.ActiveCfg = Release|ARM
		{DE4531A7-F738-40B4-970C-204B90931E69}.Ad-Hoc|ARM.Build.0 = Release|ARM
		{DE4531A7-F738-40B4-970C-204B90931E69}.Ad-Hoc|ARM.Deploy.0 = Release|ARM
		{DE4531A7-F738-40B4-970C-204B90931E69}.Ad-Hoc|iPhone.ActiveCfg = Release|x86
		{DE4531A7-F738-40B4-970C-204B90931E69}.Ad-Hoc|iPhone.Build.0 = Release|x86
		{DE4531A7-F738-40B4-970C-204B90931E69}.Ad-Hoc|iPhone.Deploy.0 = Release|x86
		{DE4531A7-F738-40B4-970C-204B90931E69}.Ad-Hoc|iPhoneSimulator.ActiveCfg = Release|x86
		{DE4531A7-F738-40B4-970C-204B90931E69}.Ad-Hoc|iPhoneSimulator.Build.0 = Release|x86
		{DE4531A7-F738-40B4-970C-204B90931E69}.Ad-Hoc|iPhoneSimulator.Deploy.0 = Release|x86
		{DE4531A7-F738-40B4-970C-204B90931E69}.Ad-Hoc|x64.ActiveCfg = Release|x64
		{DE4531A7-F738-40B4-970C-204B90931E69}.Ad-Hoc|x64.Build.0 = Release|x64
		{DE4531A7-F738-40B4-970C-204B90931E69}.Ad-Hoc|x64.Deploy.0 = Release|x64
		{DE4531A7-F738-40B4-970C-204B90931E69}.Ad-Hoc|x86.ActiveCfg = Release|x86
		{DE4531A7-F738-40B4-970C-204B90931E69}.Ad-Hoc|x86.Build.0 = Release|x86
		{DE4531A7-F738-40B4-970C-204B90931E69}.Ad-Hoc|x86.Deploy.0 = Release|x86
		{DE4531A7-F738-40B4-970C-204B90931E69}.AppStore|Any CPU.ActiveCfg = Release|x86
		{DE4531A7-F738-40B4-970C-204B90931E69}.AppStore|Any CPU.Build.0 = Release|x86
		{DE4531A7-F738-40B4-970C-204B90931E69}.AppStore|Any CPU.Deploy.0 = Release|x86
		{DE4531A7-F738-40B4-970C-204B90931E69}.AppStore|ARM.ActiveCfg = Release|ARM
		{DE4531A7-F738-40B4-970C-204B90931E69}.AppStore|ARM.Build.0 = Release|ARM
		{DE4531A7-F738-40B4-970C-204B90931E69}.AppStore|ARM.Deploy.0 = Release|ARM
		{DE4531A7-F738-40B4-970C-204B90931E69}.AppStore|iPhone.ActiveCfg = Release|x86
		{DE4531A7-F738-40B4-970C-204B90931E69}.AppStore|iPhone.Build.0 = Release|x86
		{DE4531A7-F738-40B4-970C-204B90931E69}.AppStore|iPhone.Deploy.0 = Release|x86
		{DE4531A7-F738-40B4-970C-204B90931E69}.AppStore|iPhoneSimulator.ActiveCfg = Release|x86
		{DE4531A7-F738-40B4-970C-204B90931E69}.AppStore|iPhoneSimulator.Build.0 = Release|x86
		{DE4531A7-F738-40B4-970C-204B90931E69}.AppStore|iPhoneSimulator.Deploy.0 = Release|x86
		{DE4531A7-F738-40B4-970C-204B90931E69}.AppStore|x64.ActiveCfg = Release|x64
		{DE4531A7-F738-40B4-970C-204B90931E69}.AppStore|x64.Build.0 = Release|x64
		{DE4531A7-F738-40B4-970C-204B90931E69}.AppStore|x64.Deploy.0 = Release|x64
		{DE4531A7-F738-40B4-970C-204B90931E69}.AppStore|x86.ActiveCfg = Release|x86
		{DE4531A7-F738-40B4-970C-204B90931E69}.AppStore|x86.Build.0 = Release|x86
		{DE4531A7-F738-40B4-970C-204B90931E69}.AppStore|x86.Deploy.0 = Release|x86
		{DE4531A7-F738-40B4-970C-204B90931E69}.Debug|Any CPU.ActiveCfg = Debug|x86
		{DE4531A7-F738-40B4-970C-204B90931E69}.Debug|ARM.ActiveCfg = Debug|ARM
		{DE4531A7-F738-40B4-970C-204B90931E69}.Debug|ARM.Build.0 = Debug|ARM
		{DE4531A7-F738-40B4-970C-204B90931E69}.Debug|ARM.Deploy.0 = Debug|ARM
		{DE4531A7-F738-40B4-970C-204B90931E69}.Debug|iPhone.ActiveCfg = Debug|x86
		{DE4531A7-F738-40B4-970C-204B90931E69}.Debug|iPhoneSimulator.ActiveCfg = Debug|x86
		{DE4531A7-F738-40B4-970C-204B90931E69}.Debug|x64.ActiveCfg = Debug|x64
		{DE4531A7-F738-40B4-970C-204B90931E69}.Debug|x64.Build.0 = Debug|x64
		{DE4531A7-F738-40B4-970C-204B90931E69}.Debug|x64.Deploy.0 = Debug|x64
		{DE4531A7-F738-40B4-970C-204B90931E69}.Debug|x86.ActiveCfg = Debug|x86
		{DE4531A7-F738-40B4-970C-204B90931E69}.Debug|x86.Build.0 = Debug|x86
		{DE4531A7-F738-40B4-970C-204B90931E69}.Debug|x86.Deploy.0 = Debug|x86
		{DE4531A7-F738-40B4-970C-204B90931E69}.Release|Any CPU.ActiveCfg = Release|x86
		{DE4531A7-F738-40B4-970C-204B90931E69}.Release|ARM.ActiveCfg = Release|ARM
		{DE4531A7-F738-40B4-970C-204B90931E69}.Release|ARM.Build.0 = Release|ARM
		{DE4531A7-F738-40B4-970C-204B90931E69}.Release|ARM.Deploy.0 = Release|ARM
		{DE4531A7-F738-40B4-970C-204B90931E69}.Release|iPhone.ActiveCfg = Release|x86
		{DE4531A7-F738-40B4-970C-204B90931E69}.Release|iPhoneSimulator.ActiveCfg = Release|x86
		{DE4531A7-F738-40B4-970C-204B90931E69}.Release|x64.ActiveCfg = Release|x64
		{DE4531A7-F738-40B4-970C-204B90931E69}.Release|x64.Build.0 = Release|x64
		{DE4531A7-F738-40B4-970C-204B90931E69}.Release|x64.Deploy.0 = Release|x64
		{DE4531A7-F738-40B4-970C-204B90931E69}.Release|x86.ActiveCfg = Release|x86
		{DE4531A7-F738-40B4-970C-204B90931E69}.Release|x86.Build.0 = Release|x86
		{DE4531A7-F738-40B4-970C-204B90931E69}.Release|x86.Deploy.0 = Release|x86
		{12AE5ED7-78B5-43B9-9EFD-52BB54CCF1F8}.Ad-Hoc|Any CPU.ActiveCfg = Release|Any CPU
		{12AE5ED7-78B5-43B9-9EFD-52BB54CCF1F8}.Ad-Hoc|Any CPU.Build.0 = Release|Any CPU
		{12AE5ED7-78B5-43B9-9EFD-52BB54CCF1F8}.Ad-Hoc|ARM.ActiveCfg = Release|Any CPU
		{12AE5ED7-78B5-43B9-9EFD-52BB54CCF1F8}.Ad-Hoc|ARM.Build.0 = Release|Any CPU
		{12AE5ED7-78B5-43B9-9EFD-52BB54CCF1F8}.Ad-Hoc|iPhone.ActiveCfg = Release|Any CPU
		{12AE5ED7-78B5-43B9-9EFD-52BB54CCF1F8}.Ad-Hoc|iPhone.Build.0 = Release|Any CPU
		{12AE5ED7-78B5-43B9-9EFD-52BB54CCF1F8}.Ad-Hoc|iPhoneSimulator.ActiveCfg = Release|Any CPU
		{12AE5ED7-78B5-43B9-9EFD-52BB54CCF1F8}.Ad-Hoc|iPhoneSimulator.Build.0 = Release|Any CPU
		{12AE5ED7-78B5-43B9-9EFD-52BB54CCF1F8}.Ad-Hoc|x64.ActiveCfg = Release|Any CPU
		{12AE5ED7-78B5-43B9-9EFD-52BB54CCF1F8}.Ad-Hoc|x64.Build.0 = Release|Any CPU
		{12AE5ED7-78B5-43B9-9EFD-52BB54CCF1F8}.Ad-Hoc|x86.ActiveCfg = Release|Any CPU
		{12AE5ED7-78B5-43B9-9EFD-52BB54CCF1F8}.Ad-Hoc|x86.Build.0 = Release|Any CPU
		{12AE5ED7-78B5-43B9-9EFD-52BB54CCF1F8}.AppStore|Any CPU.ActiveCfg = Release|Any CPU
		{12AE5ED7-78B5-43B9-9EFD-52BB54CCF1F8}.AppStore|Any CPU.Build.0 = Release|Any CPU
		{12AE5ED7-78B5-43B9-9EFD-52BB54CCF1F8}.AppStore|ARM.ActiveCfg = Release|Any CPU
		{12AE5ED7-78B5-43B9-9EFD-52BB54CCF1F8}.AppStore|ARM.Build.0 = Release|Any CPU
		{12AE5ED7-78B5-43B9-9EFD-52BB54CCF1F8}.AppStore|iPhone.ActiveCfg = Release|Any CPU
		{12AE5ED7-78B5-43B9-9EFD-52BB54CCF1F8}.AppStore|iPhone.Build.0 = Release|Any CPU
		{12AE5ED7-78B5-43B9-9EFD-52BB54CCF1F8}.AppStore|iPhoneSimulator.ActiveCfg = Release|Any CPU
		{12AE5ED7-78B5-43B9-9EFD-52BB54CCF1F8}.AppStore|iPhoneSimulator.Build.0 = Release|Any CPU
		{12AE5ED7-78B5-43B9-9EFD-52BB54CCF1F8}.AppStore|x64.ActiveCfg = Release|Any CPU
		{12AE5ED7-78B5-43B9-9EFD-52BB54CCF1F8}.AppStore|x64.Build.0 = Release|Any CPU
		{12AE5ED7-78B5-43B9-9EFD-52BB54CCF1F8}.AppStore|x86.ActiveCfg = Release|Any CPU
		{12AE5ED7-78B5-43B9-9EFD-52BB54CCF1F8}.AppStore|x86.Build.0 = Release|Any CPU
		{12AE5ED7-78B5-43B9-9EFD-52BB54CCF1F8}.Debug|Any CPU.ActiveCfg = Debug|Any CPU
		{12AE5ED7-78B5-43B9-9EFD-52BB54CCF1F8}.Debug|Any CPU.Build.0 = Debug|Any CPU
		{12AE5ED7-78B5-43B9-9EFD-52BB54CCF1F8}.Debug|ARM.ActiveCfg = Debug|Any CPU
		{12AE5ED7-78B5-43B9-9EFD-52BB54CCF1F8}.Debug|ARM.Build.0 = Debug|Any CPU
		{12AE5ED7-78B5-43B9-9EFD-52BB54CCF1F8}.Debug|iPhone.ActiveCfg = Debug|Any CPU
		{12AE5ED7-78B5-43B9-9EFD-52BB54CCF1F8}.Debug|iPhone.Build.0 = Debug|Any CPU
		{12AE5ED7-78B5-43B9-9EFD-52BB54CCF1F8}.Debug|iPhoneSimulator.ActiveCfg = Debug|Any CPU
		{12AE5ED7-78B5-43B9-9EFD-52BB54CCF1F8}.Debug|iPhoneSimulator.Build.0 = Debug|Any CPU
		{12AE5ED7-78B5-43B9-9EFD-52BB54CCF1F8}.Debug|x64.ActiveCfg = Debug|Any CPU
		{12AE5ED7-78B5-43B9-9EFD-52BB54CCF1F8}.Debug|x64.Build.0 = Debug|Any CPU
		{12AE5ED7-78B5-43B9-9EFD-52BB54CCF1F8}.Debug|x86.ActiveCfg = Debug|Any CPU
		{12AE5ED7-78B5-43B9-9EFD-52BB54CCF1F8}.Debug|x86.Build.0 = Debug|Any CPU
		{12AE5ED7-78B5-43B9-9EFD-52BB54CCF1F8}.Release|Any CPU.ActiveCfg = Release|Any CPU
		{12AE5ED7-78B5-43B9-9EFD-52BB54CCF1F8}.Release|Any CPU.Build.0 = Release|Any CPU
		{12AE5ED7-78B5-43B9-9EFD-52BB54CCF1F8}.Release|ARM.ActiveCfg = Release|Any CPU
		{12AE5ED7-78B5-43B9-9EFD-52BB54CCF1F8}.Release|ARM.Build.0 = Release|Any CPU
		{12AE5ED7-78B5-43B9-9EFD-52BB54CCF1F8}.Release|iPhone.ActiveCfg = Release|Any CPU
		{12AE5ED7-78B5-43B9-9EFD-52BB54CCF1F8}.Release|iPhone.Build.0 = Release|Any CPU
		{12AE5ED7-78B5-43B9-9EFD-52BB54CCF1F8}.Release|iPhoneSimulator.ActiveCfg = Release|Any CPU
		{12AE5ED7-78B5-43B9-9EFD-52BB54CCF1F8}.Release|iPhoneSimulator.Build.0 = Release|Any CPU
		{12AE5ED7-78B5-43B9-9EFD-52BB54CCF1F8}.Release|x64.ActiveCfg = Release|Any CPU
		{12AE5ED7-78B5-43B9-9EFD-52BB54CCF1F8}.Release|x64.Build.0 = Release|Any CPU
		{12AE5ED7-78B5-43B9-9EFD-52BB54CCF1F8}.Release|x86.ActiveCfg = Release|Any CPU
		{12AE5ED7-78B5-43B9-9EFD-52BB54CCF1F8}.Release|x86.Build.0 = Release|Any CPU
	EndGlobalSection
	GlobalSection(SolutionProperties) = preSolution
		HideSolutionNode = FALSE
	EndGlobalSection
EndGlobal
